{
  "version": 4,
  "terraform_version": "1.2.2",
  "serial": 89,
  "lineage": "52c4b778-af87-85b1-f1e2-bd5480b789b6",
  "outputs": {},
  "resources": [
    {
      "module": "module.caf",
      "mode": "data",
      "type": "azurerm_client_config",
      "name": "current",
      "provider": "module.caf.provider[\"registry.terraform.io/hashicorp/azurerm\"]",
      "instances": [
        {
          "schema_version": 0,
          "attributes": {
            "client_id": "04b07795-8ddb-461a-bbee-02f9e1bf7b46",
            "id": "2022-06-09 03:39:55.151829 +0000 UTC",
            "object_id": "c5ba6299-03bd-4215-86bf-f402b671f693",
            "subscription_id": "14692f20-9428-451b-8298-102ed4e39c2a",
            "tenant_id": "0e3e2e88-8caf-41ca-b4da-e3b33b6c52ec",
            "timeouts": null
          },
          "sensitive_attributes": []
        }
      ]
    },
    {
      "module": "module.caf",
      "mode": "managed",
      "type": "azurecaf_name",
      "name": "public_ip_addresses",
      "provider": "provider[\"registry.terraform.io/aztfmod/azurecaf\"]",
      "instances": [
        {
          "index_key": "example_vm_pip1_rg1",
          "schema_version": 3,
          "attributes": {
            "clean_input": true,
            "id": "olgtnmokcopsuuqt",
            "name": "example_vm_pip1",
            "passthrough": false,
            "prefixes": [
              "hflk"
            ],
            "random_length": 0,
            "random_seed": null,
            "resource_type": "azurerm_public_ip",
            "resource_types": null,
            "result": "hflk-pip-example_vm_pip1",
            "results": {},
            "separator": "-",
            "suffixes": null,
            "use_slug": true
          },
          "sensitive_attributes": [],
          "private": "eyJzY2hlbWFfdmVyc2lvbiI6IjMifQ==",
          "dependencies": [
            "module.caf.random_string.prefix"
          ]
        }
      ]
    },
    {
      "module": "module.caf",
      "mode": "managed",
      "type": "random_string",
      "name": "prefix",
      "provider": "provider[\"registry.terraform.io/hashicorp/random\"]",
      "instances": [
        {
          "index_key": 0,
          "schema_version": 2,
          "attributes": {
            "id": "hflk",
            "keepers": null,
            "length": 4,
            "lower": true,
            "min_lower": 0,
            "min_numeric": 0,
            "min_special": 0,
            "min_upper": 0,
            "number": false,
            "numeric": false,
            "override_special": null,
            "result": "hflk",
            "special": false,
            "upper": false
          },
          "sensitive_attributes": [],
          "private": "eyJzY2hlbWFfdmVyc2lvbiI6IjIifQ=="
        }
      ]
    },
    {
      "module": "module.caf.module.keyvaults[\"example_vm_rg1\"]",
      "mode": "managed",
      "type": "azurecaf_name",
      "name": "keyvault",
      "provider": "provider[\"registry.terraform.io/aztfmod/azurecaf\"]",
      "instances": [
        {
          "schema_version": 3,
          "attributes": {
            "clean_input": true,
            "id": "fgfmarxkfncaidnw",
            "name": "vmlinuxakv",
            "passthrough": false,
            "prefixes": [
              "hflk"
            ],
            "random_length": 0,
            "random_seed": null,
            "resource_type": "azurerm_key_vault",
            "resource_types": null,
            "result": "hflk-kv-vmlinuxakv",
            "results": {},
            "separator": "-",
            "suffixes": null,
            "use_slug": true
          },
          "sensitive_attributes": [],
          "private": "eyJzY2hlbWFfdmVyc2lvbiI6IjMifQ==",
          "dependencies": [
            "module.caf.random_string.prefix"
          ]
        }
      ]
    },
    {
      "module": "module.caf.module.keyvaults[\"example_vm_rg1\"]",
      "mode": "managed",
      "type": "azurerm_key_vault",
      "name": "keyvault",
      "provider": "module.caf.provider[\"registry.terraform.io/hashicorp/azurerm\"]",
      "instances": [
        {
          "schema_version": 2,
          "attributes": {
            "access_policy": [
              {
                "application_id": "",
                "certificate_permissions": [],
                "key_permissions": [],
                "object_id": "c5ba6299-03bd-4215-86bf-f402b671f693",
                "secret_permissions": [
                  "Set",
                  "Get",
                  "List",
                  "Delete",
                  "Purge",
                  "Recover"
                ],
                "storage_permissions": [],
                "tenant_id": "0e3e2e88-8caf-41ca-b4da-e3b33b6c52ec"
              }
            ],
            "contact": [],
            "enable_rbac_authorization": false,
            "enabled_for_deployment": false,
            "enabled_for_disk_encryption": true,
            "enabled_for_template_deployment": false,
            "id": "/subscriptions/14692f20-9428-451b-8298-102ed4e39c2a/resourceGroups/hflk-rg-example-virtual-machine-rg1/providers/Microsoft.KeyVault/vaults/hflk-kv-vmlinuxakv",
            "location": "australiaeast",
            "name": "hflk-kv-vmlinuxakv",
            "network_acls": [
              {
                "bypass": "AzureServices",
                "default_action": "Allow",
                "ip_rules": [],
                "virtual_network_subnet_ids": []
              }
            ],
            "purge_protection_enabled": true,
            "resource_group_name": "hflk-rg-example-virtual-machine-rg1",
            "sku_name": "standard",
            "soft_delete_enabled": true,
            "soft_delete_retention_days": 7,
            "tags": {
              "env": "Standalone"
            },
            "tenant_id": "0e3e2e88-8caf-41ca-b4da-e3b33b6c52ec",
            "timeouts": {
              "create": null,
              "delete": "60m",
              "read": null,
              "update": null
            },
            "vault_uri": "https://hflk-kv-vmlinuxakv.vault.azure.net/"
          },
          "sensitive_attributes": [],
          "private": "eyJlMmJmYjczMC1lY2FhLTExZTYtOGY4OC0zNDM2M2JjN2M0YzAiOnsiY3JlYXRlIjoxODAwMDAwMDAwMDAwLCJkZWxldGUiOjM2MDAwMDAwMDAwMDAsInJlYWQiOjMwMDAwMDAwMDAwMCwidXBkYXRlIjoxODAwMDAwMDAwMDAwfSwic2NoZW1hX3ZlcnNpb24iOiIyIn0=",
          "dependencies": [
            "module.caf.azurecaf_name.ddos_protection_plan",
            "module.caf.azurecaf_name.route_tables",
            "module.caf.azurerm_network_ddos_protection_plan.ddos_protection_plan",
            "module.caf.data.azuread_service_principal.logged_in_app",
            "module.caf.data.azurerm_client_config.current",
            "module.caf.module.application_security_groups.azurecaf_name.asg",
            "module.caf.module.application_security_groups.azurerm_application_security_group.asg",
            "module.caf.module.diagnostic_event_hub_namespaces.azurecaf_name.evh",
            "module.caf.module.diagnostic_event_hub_namespaces.azurerm_eventhub_namespace.evh",
            "module.caf.module.diagnostic_event_hub_namespaces.module.event_hub_namespace_auth_rules.azurecaf_name.evh_ns_rule_name",
            "module.caf.module.diagnostic_event_hub_namespaces.module.event_hub_namespace_auth_rules.azurerm_eventhub_namespace_authorization_rule.evh_ns_rule",
            "module.caf.module.diagnostic_event_hub_namespaces.module.event_hubs.azurecaf_name.evhub",
            "module.caf.module.diagnostic_event_hub_namespaces.module.event_hubs.azurerm_eventhub.evhub",
            "module.caf.module.diagnostic_event_hub_namespaces.module.event_hubs.module.authorization_rules.azurecaf_name.evh_rule",
            "module.caf.module.diagnostic_event_hub_namespaces.module.event_hubs.module.authorization_rules.azurerm_eventhub_authorization_rule.evhub_rule",
            "module.caf.module.diagnostic_log_analytics.azurecaf_name.law",
            "module.caf.module.diagnostic_log_analytics.azurerm_log_analytics_solution.solution",
            "module.caf.module.diagnostic_log_analytics.azurerm_log_analytics_workspace.law",
            "module.caf.module.diagnostic_storage_accounts.azurecaf_name.stg",
            "module.caf.module.diagnostic_storage_accounts.azurerm_backup_container_storage_account.container",
            "module.caf.module.diagnostic_storage_accounts.azurerm_storage_account.stg",
            "module.caf.module.diagnostic_storage_accounts.module.container.azurerm_storage_container.stg",
            "module.caf.module.diagnostic_storage_accounts.module.container.module.blob.azurerm_storage_blob.blob",
            "module.caf.module.diagnostic_storage_accounts.module.data_lake_filesystem.azurerm_storage_data_lake_gen2_filesystem.gen2",
            "module.caf.module.diagnostic_storage_accounts.module.private_endpoint.azurecaf_name.pep",
            "module.caf.module.diagnostic_storage_accounts.module.private_endpoint.azurerm_private_endpoint.pep",
            "module.caf.module.keyvaults.azurecaf_name.keyvault",
            "module.caf.module.network_security_groups.azurecaf_name.nsg",
            "module.caf.module.network_security_groups.azurerm_network_security_group.nsg",
            "module.caf.module.network_security_groups.module.diagnostics.azurerm_monitor_diagnostic_setting.diagnostics",
            "module.caf.module.network_security_groups.module.nsg_flows.azurerm_network_watcher_flow_log.flow",
            "module.caf.module.network_watchers.azurecaf_name.netwatcher",
            "module.caf.module.network_watchers.azurerm_network_watcher.netwatcher",
            "module.caf.module.networking.azurecaf_name.caf_name_vnet",
            "module.caf.module.networking.azurerm_subnet_network_security_group_association.nsg_vnet_association",
            "module.caf.module.networking.azurerm_subnet_network_security_group_association.nsg_vnet_association_version",
            "module.caf.module.networking.azurerm_subnet_route_table_association.rt",
            "module.caf.module.networking.azurerm_virtual_network.vnet",
            "module.caf.module.networking.module.diagnostics.azurerm_monitor_diagnostic_setting.diagnostics",
            "module.caf.module.networking.module.nsg.azurecaf_name.nsg_obj",
            "module.caf.module.networking.module.nsg.azurerm_network_security_group.nsg_obj",
            "module.caf.module.networking.module.nsg.module.diagnostics.azurerm_monitor_diagnostic_setting.diagnostics",
            "module.caf.module.networking.module.nsg.module.nsg_flows.azurerm_network_watcher_flow_log.flow",
            "module.caf.module.networking.module.special_subnets.azurecaf_name.subnet",
            "module.caf.module.networking.module.special_subnets.azurerm_subnet.subnet",
            "module.caf.module.networking.module.subnets.azurecaf_name.subnet",
            "module.caf.module.networking.module.subnets.azurerm_subnet.subnet",
            "module.caf.module.resource_group_reused.data.azurerm_resource_group.rg",
            "module.caf.module.resource_groups.azurecaf_name.rg",
            "module.caf.module.resource_groups.azurerm_resource_group.rg",
            "module.caf.module.route_tables.azurerm_route_table.rt",
            "module.caf.random_string.prefix"
          ]
        }
      ]
    },
    {
      "module": "module.caf.module.keyvaults[\"example_vm_rg1\"].module.initial_policy[0].module.logged_in_user[\"logged_in_user\"]",
      "mode": "managed",
      "type": "azurerm_key_vault_access_policy",
      "name": "policy",
      "provider": "module.caf.provider[\"registry.terraform.io/hashicorp/azurerm\"]",
      "instances": [
        {
          "schema_version": 0,
          "attributes": {
            "application_id": null,
            "certificate_permissions": [],
            "id": "/subscriptions/14692f20-9428-451b-8298-102ed4e39c2a/resourceGroups/hflk-rg-example-virtual-machine-rg1/providers/Microsoft.KeyVault/vaults/hflk-kv-vmlinuxakv/objectId/c5ba6299-03bd-4215-86bf-f402b671f693",
            "key_permissions": [],
            "key_vault_id": "/subscriptions/14692f20-9428-451b-8298-102ed4e39c2a/resourceGroups/hflk-rg-example-virtual-machine-rg1/providers/Microsoft.KeyVault/vaults/hflk-kv-vmlinuxakv",
            "object_id": "c5ba6299-03bd-4215-86bf-f402b671f693",
            "secret_permissions": [
              "Set",
              "Get",
              "List",
              "Delete",
              "Purge",
              "Recover"
            ],
            "storage_permissions": [],
            "tenant_id": "0e3e2e88-8caf-41ca-b4da-e3b33b6c52ec",
            "timeouts": {
              "create": null,
              "delete": "60m",
              "read": null,
              "update": null
            }
          },
          "sensitive_attributes": [],
          "private": "eyJlMmJmYjczMC1lY2FhLTExZTYtOGY4OC0zNDM2M2JjN2M0YzAiOnsiY3JlYXRlIjoxODAwMDAwMDAwMDAwLCJkZWxldGUiOjM2MDAwMDAwMDAwMDAsInJlYWQiOjMwMDAwMDAwMDAwMCwidXBkYXRlIjoxODAwMDAwMDAwMDAwfX0=",
          "dependencies": [
            "module.caf.azurecaf_name.ddos_protection_plan",
            "module.caf.azurecaf_name.route_tables",
            "module.caf.azurerm_network_ddos_protection_plan.ddos_protection_plan",
            "module.caf.data.azuread_service_principal.logged_in_app",
            "module.caf.data.azurerm_client_config.current",
            "module.caf.module.application_security_groups.azurecaf_name.asg",
            "module.caf.module.application_security_groups.azurerm_application_security_group.asg",
            "module.caf.module.diagnostic_event_hub_namespaces.azurecaf_name.evh",
            "module.caf.module.diagnostic_event_hub_namespaces.azurerm_eventhub_namespace.evh",
            "module.caf.module.diagnostic_event_hub_namespaces.module.event_hub_namespace_auth_rules.azurecaf_name.evh_ns_rule_name",
            "module.caf.module.diagnostic_event_hub_namespaces.module.event_hub_namespace_auth_rules.azurerm_eventhub_namespace_authorization_rule.evh_ns_rule",
            "module.caf.module.diagnostic_event_hub_namespaces.module.event_hubs.azurecaf_name.evhub",
            "module.caf.module.diagnostic_event_hub_namespaces.module.event_hubs.azurerm_eventhub.evhub",
            "module.caf.module.diagnostic_event_hub_namespaces.module.event_hubs.module.authorization_rules.azurecaf_name.evh_rule",
            "module.caf.module.diagnostic_event_hub_namespaces.module.event_hubs.module.authorization_rules.azurerm_eventhub_authorization_rule.evhub_rule",
            "module.caf.module.diagnostic_log_analytics.azurecaf_name.law",
            "module.caf.module.diagnostic_log_analytics.azurerm_log_analytics_solution.solution",
            "module.caf.module.diagnostic_log_analytics.azurerm_log_analytics_workspace.law",
            "module.caf.module.diagnostic_storage_accounts.azurecaf_name.stg",
            "module.caf.module.diagnostic_storage_accounts.azurerm_backup_container_storage_account.container",
            "module.caf.module.diagnostic_storage_accounts.azurerm_storage_account.stg",
            "module.caf.module.diagnostic_storage_accounts.module.container.azurerm_storage_container.stg",
            "module.caf.module.diagnostic_storage_accounts.module.container.module.blob.azurerm_storage_blob.blob",
            "module.caf.module.diagnostic_storage_accounts.module.data_lake_filesystem.azurerm_storage_data_lake_gen2_filesystem.gen2",
            "module.caf.module.diagnostic_storage_accounts.module.private_endpoint.azurecaf_name.pep",
            "module.caf.module.diagnostic_storage_accounts.module.private_endpoint.azurerm_private_endpoint.pep",
            "module.caf.module.keyvaults.azurecaf_name.keyvault",
            "module.caf.module.keyvaults.azurerm_key_vault.keyvault",
            "module.caf.module.network_security_groups.azurecaf_name.nsg",
            "module.caf.module.network_security_groups.azurerm_network_security_group.nsg",
            "module.caf.module.network_security_groups.module.diagnostics.azurerm_monitor_diagnostic_setting.diagnostics",
            "module.caf.module.network_security_groups.module.nsg_flows.azurerm_network_watcher_flow_log.flow",
            "module.caf.module.network_watchers.azurecaf_name.netwatcher",
            "module.caf.module.network_watchers.azurerm_network_watcher.netwatcher",
            "module.caf.module.networking.azurecaf_name.caf_name_vnet",
            "module.caf.module.networking.azurerm_subnet_network_security_group_association.nsg_vnet_association",
            "module.caf.module.networking.azurerm_subnet_network_security_group_association.nsg_vnet_association_version",
            "module.caf.module.networking.azurerm_subnet_route_table_association.rt",
            "module.caf.module.networking.azurerm_virtual_network.vnet",
            "module.caf.module.networking.module.diagnostics.azurerm_monitor_diagnostic_setting.diagnostics",
            "module.caf.module.networking.module.nsg.azurecaf_name.nsg_obj",
            "module.caf.module.networking.module.nsg.azurerm_network_security_group.nsg_obj",
            "module.caf.module.networking.module.nsg.module.diagnostics.azurerm_monitor_diagnostic_setting.diagnostics",
            "module.caf.module.networking.module.nsg.module.nsg_flows.azurerm_network_watcher_flow_log.flow",
            "module.caf.module.networking.module.special_subnets.azurecaf_name.subnet",
            "module.caf.module.networking.module.special_subnets.azurerm_subnet.subnet",
            "module.caf.module.networking.module.subnets.azurecaf_name.subnet",
            "module.caf.module.networking.module.subnets.azurerm_subnet.subnet",
            "module.caf.module.resource_group_reused.data.azurerm_resource_group.rg",
            "module.caf.module.resource_groups.azurecaf_name.rg",
            "module.caf.module.resource_groups.azurerm_resource_group.rg",
            "module.caf.module.route_tables.azurerm_route_table.rt",
            "module.caf.random_string.prefix"
          ]
        }
      ]
    },
    {
      "module": "module.caf.module.networking[\"vnet_region1\"]",
      "mode": "managed",
      "type": "azurecaf_name",
      "name": "caf_name_vnet",
      "provider": "provider[\"registry.terraform.io/aztfmod/azurecaf\"]",
      "instances": [
        {
          "schema_version": 3,
          "attributes": {
            "clean_input": true,
            "id": "nxeicccekplcxyuj",
            "name": "virtual_machines",
            "passthrough": false,
            "prefixes": [
              "hflk"
            ],
            "random_length": 0,
            "random_seed": null,
            "resource_type": "azurerm_virtual_network",
            "resource_types": null,
            "result": "hflk-vnet-virtual_machines",
            "results": {},
            "separator": "-",
            "suffixes": null,
            "use_slug": true
          },
          "sensitive_attributes": [],
          "private": "eyJzY2hlbWFfdmVyc2lvbiI6IjMifQ==",
          "dependencies": [
            "module.caf.random_string.prefix"
          ]
        }
      ]
    },
    {
      "module": "module.caf.module.networking[\"vnet_region1\"]",
      "mode": "managed",
      "type": "azurerm_virtual_network",
      "name": "vnet",
      "provider": "module.caf.provider[\"registry.terraform.io/hashicorp/azurerm\"]",
      "instances": [
        {
          "schema_version": 0,
          "attributes": {
            "address_space": [
              "10.100.100.0/24"
            ],
            "bgp_community": "",
            "ddos_protection_plan": [],
            "dns_servers": [],
            "guid": "76aeb1b6-9859-4270-8938-01b851c18539",
            "id": "/subscriptions/14692f20-9428-451b-8298-102ed4e39c2a/resourceGroups/hflk-rg-example-virtual-machine-rg1/providers/Microsoft.Network/virtualNetworks/hflk-vnet-virtual_machines",
            "location": "australiaeast",
            "name": "hflk-vnet-virtual_machines",
            "resource_group_name": "hflk-rg-example-virtual-machine-rg1",
            "subnet": [
              {
                "address_prefix": "10.100.100.0/29",
                "id": "/subscriptions/14692f20-9428-451b-8298-102ed4e39c2a/resourceGroups/hflk-rg-example-virtual-machine-rg1/providers/Microsoft.Network/virtualNetworks/hflk-vnet-virtual_machines/subnets/hflk-snet-examples",
                "name": "hflk-snet-examples",
                "security_group": ""
              },
              {
                "address_prefix": "10.100.100.64/26",
                "id": "/subscriptions/14692f20-9428-451b-8298-102ed4e39c2a/resourceGroups/hflk-rg-example-virtual-machine-rg1/providers/Microsoft.Network/virtualNetworks/hflk-vnet-virtual_machines/subnets/AzureBastionSubnet",
                "name": "AzureBastionSubnet",
                "security_group": ""
              }
            ],
            "tags": {
              "module": "virtual_network"
            },
            "timeouts": null,
            "vm_protection_enabled": false
          },
          "sensitive_attributes": [],
          "private": "eyJlMmJmYjczMC1lY2FhLTExZTYtOGY4OC0zNDM2M2JjN2M0YzAiOnsiY3JlYXRlIjoxODAwMDAwMDAwMDAwLCJkZWxldGUiOjE4MDAwMDAwMDAwMDAsInJlYWQiOjMwMDAwMDAwMDAwMCwidXBkYXRlIjoxODAwMDAwMDAwMDAwfX0=",
          "dependencies": [
            "module.caf.azurecaf_name.ddos_protection_plan",
            "module.caf.azurerm_network_ddos_protection_plan.ddos_protection_plan",
            "module.caf.module.networking.azurecaf_name.caf_name_vnet",
            "module.caf.module.resource_group_reused.data.azurerm_resource_group.rg",
            "module.caf.module.resource_groups.azurecaf_name.rg",
            "module.caf.module.resource_groups.azurerm_resource_group.rg",
            "module.caf.random_string.prefix"
          ]
        }
      ]
    },
    {
      "module": "module.caf.module.networking[\"vnet_region1\"].module.subnets[\"example\"]",
      "mode": "managed",
      "type": "azurecaf_name",
      "name": "subnet",
      "provider": "provider[\"registry.terraform.io/aztfmod/azurecaf\"]",
      "instances": [
        {
          "schema_version": 3,
          "attributes": {
            "clean_input": true,
            "id": "hmqfnfqmrmadtdtg",
            "name": "examples",
            "passthrough": false,
            "prefixes": [
              "hflk"
            ],
            "random_length": 0,
            "random_seed": null,
            "resource_type": "azurerm_subnet",
            "resource_types": null,
            "result": "hflk-snet-examples",
            "results": {},
            "separator": "-",
            "suffixes": null,
            "use_slug": true
          },
          "sensitive_attributes": [],
          "private": "eyJzY2hlbWFfdmVyc2lvbiI6IjMifQ==",
          "dependencies": [
            "module.caf.random_string.prefix"
          ]
        }
      ]
    },
    {
      "module": "module.caf.module.networking[\"vnet_region1\"].module.subnets[\"example\"]",
      "mode": "managed",
      "type": "azurerm_subnet",
      "name": "subnet",
      "provider": "module.caf.provider[\"registry.terraform.io/hashicorp/azurerm\"]",
      "instances": [
        {
          "schema_version": 0,
          "attributes": {
            "address_prefix": "10.100.100.0/29",
            "address_prefixes": [
              "10.100.100.0/29"
            ],
            "delegation": [],
            "enforce_private_link_endpoint_network_policies": false,
            "enforce_private_link_service_network_policies": false,
            "id": "/subscriptions/14692f20-9428-451b-8298-102ed4e39c2a/resourceGroups/hflk-rg-example-virtual-machine-rg1/providers/Microsoft.Network/virtualNetworks/hflk-vnet-virtual_machines/subnets/hflk-snet-examples",
            "name": "hflk-snet-examples",
            "resource_group_name": "hflk-rg-example-virtual-machine-rg1",
            "service_endpoint_policy_ids": [],
            "service_endpoints": [],
            "timeouts": null,
            "virtual_network_name": "hflk-vnet-virtual_machines"
          },
          "sensitive_attributes": [],
          "private": "eyJlMmJmYjczMC1lY2FhLTExZTYtOGY4OC0zNDM2M2JjN2M0YzAiOnsiY3JlYXRlIjoxODAwMDAwMDAwMDAwLCJkZWxldGUiOjE4MDAwMDAwMDAwMDAsInJlYWQiOjMwMDAwMDAwMDAwMCwidXBkYXRlIjoxODAwMDAwMDAwMDAwfX0=",
          "dependencies": [
            "module.caf.azurecaf_name.ddos_protection_plan",
            "module.caf.azurerm_network_ddos_protection_plan.ddos_protection_plan",
            "module.caf.module.networking.azurecaf_name.caf_name_vnet",
            "module.caf.module.networking.azurerm_virtual_network.vnet",
            "module.caf.module.networking.module.subnets.azurecaf_name.subnet",
            "module.caf.module.resource_group_reused.data.azurerm_resource_group.rg",
            "module.caf.module.resource_groups.azurecaf_name.rg",
            "module.caf.module.resource_groups.azurerm_resource_group.rg",
            "module.caf.random_string.prefix"
          ]
        }
      ]
    },
    {
      "module": "module.caf.module.public_ip_addresses[\"example_vm_pip1_rg1\"]",
      "mode": "managed",
      "type": "azurerm_public_ip",
      "name": "pip",
      "provider": "module.caf.provider[\"registry.terraform.io/hashicorp/azurerm\"]",
      "instances": [
        {
          "schema_version": 0,
          "attributes": {
            "allocation_method": "Static",
            "domain_name_label": null,
            "fqdn": null,
            "id": "/subscriptions/14692f20-9428-451b-8298-102ed4e39c2a/resourceGroups/hflk-rg-example-virtual-machine-rg1/providers/Microsoft.Network/publicIPAddresses/hflk-pip-example_vm_pip1",
            "idle_timeout_in_minutes": 4,
            "ip_address": "20.193.6.158",
            "ip_version": "IPv4",
            "location": "australiaeast",
            "name": "hflk-pip-example_vm_pip1",
            "public_ip_prefix_id": null,
            "resource_group_name": "hflk-rg-example-virtual-machine-rg1",
            "reverse_fqdn": null,
            "sku": "Standard",
            "tags": {
              "module": "public_ip_addresses"
            },
            "timeouts": null,
            "zones": []
          },
          "sensitive_attributes": [],
          "private": "eyJlMmJmYjczMC1lY2FhLTExZTYtOGY4OC0zNDM2M2JjN2M0YzAiOnsiY3JlYXRlIjoxODAwMDAwMDAwMDAwLCJkZWxldGUiOjE4MDAwMDAwMDAwMDAsInJlYWQiOjMwMDAwMDAwMDAwMCwidXBkYXRlIjoxODAwMDAwMDAwMDAwfX0=",
          "dependencies": [
            "module.caf.azurecaf_name.public_ip_addresses",
            "module.caf.module.resource_group_reused.data.azurerm_resource_group.rg",
            "module.caf.module.resource_groups.azurecaf_name.rg",
            "module.caf.module.resource_groups.azurerm_resource_group.rg",
            "module.caf.random_string.prefix"
          ]
        }
      ]
    },
    {
      "module": "module.caf.module.resource_groups[\"vm_region1\"]",
      "mode": "managed",
      "type": "azurecaf_name",
      "name": "rg",
      "provider": "provider[\"registry.terraform.io/aztfmod/azurecaf\"]",
      "instances": [
        {
          "schema_version": 3,
          "attributes": {
            "clean_input": true,
            "id": "jyrjklxjelsburql",
            "name": "example-virtual-machine-rg1",
            "passthrough": false,
            "prefixes": [
              "hflk"
            ],
            "random_length": 0,
            "random_seed": null,
            "resource_type": "azurerm_resource_group",
            "resource_types": null,
            "result": "hflk-rg-example-virtual-machine-rg1",
            "results": {},
            "separator": "-",
            "suffixes": null,
            "use_slug": true
          },
          "sensitive_attributes": [],
          "private": "eyJzY2hlbWFfdmVyc2lvbiI6IjMifQ==",
          "dependencies": [
            "module.caf.random_string.prefix"
          ]
        }
      ]
    },
    {
      "module": "module.caf.module.resource_groups[\"vm_region1\"]",
      "mode": "managed",
      "type": "azurerm_resource_group",
      "name": "rg",
      "provider": "module.caf.provider[\"registry.terraform.io/hashicorp/azurerm\"]",
      "instances": [
        {
          "schema_version": 0,
          "attributes": {
            "id": "/subscriptions/14692f20-9428-451b-8298-102ed4e39c2a/resourceGroups/hflk-rg-example-virtual-machine-rg1",
            "location": "australiaeast",
            "name": "hflk-rg-example-virtual-machine-rg1",
            "tags": {},
            "timeouts": null
          },
          "sensitive_attributes": [],
          "private": "eyJlMmJmYjczMC1lY2FhLTExZTYtOGY4OC0zNDM2M2JjN2M0YzAiOnsiY3JlYXRlIjo1NDAwMDAwMDAwMDAwLCJkZWxldGUiOjU0MDAwMDAwMDAwMDAsInJlYWQiOjMwMDAwMDAwMDAwMCwidXBkYXRlIjo1NDAwMDAwMDAwMDAwfX0=",
          "dependencies": [
            "module.caf.module.resource_groups.azurecaf_name.rg",
            "module.caf.random_string.prefix"
          ]
        }
      ]
    },
    {
      "module": "module.caf.module.virtual_machines[\"example_vm1\"]",
      "mode": "managed",
      "type": "azurecaf_name",
      "name": "linux_computer_name",
      "provider": "provider[\"registry.terraform.io/aztfmod/azurecaf\"]",
      "instances": [
        {
          "index_key": "linux",
          "schema_version": 3,
          "attributes": {
            "clean_input": true,
            "id": "asedygdhofpbdwhm",
            "name": "CAF_vm1",
            "passthrough": false,
            "prefixes": [
              "hflk"
            ],
            "random_length": 0,
            "random_seed": null,
            "resource_type": "azurerm_linux_virtual_machine",
            "resource_types": null,
            "result": "hflk-vm-CAFvm1",
            "results": {},
            "separator": "-",
            "suffixes": null,
            "use_slug": true
          },
          "sensitive_attributes": [],
          "private": "eyJzY2hlbWFfdmVyc2lvbiI6IjMifQ==",
          "dependencies": [
            "module.caf.azurecaf_name.ddos_protection_plan",
            "module.caf.azurecaf_name.public_ip_addresses",
            "module.caf.azurecaf_name.route_tables",
            "module.caf.azurecaf_name.routes",
            "module.caf.azurerm_network_ddos_protection_plan.ddos_protection_plan",
            "module.caf.data.azuread_service_principal.logged_in_app",
            "module.caf.data.azurerm_client_config.current",
            "module.caf.module.application_security_groups.azurecaf_name.asg",
            "module.caf.module.application_security_groups.azurerm_application_security_group.asg",
            "module.caf.module.availability_sets.azurecaf_name.avset",
            "module.caf.module.availability_sets.azurerm_availability_set.avset",
            "module.caf.module.azuread_applications.azuread_application.app",
            "module.caf.module.azuread_applications.azuread_service_principal.app",
            "module.caf.module.azuread_applications.azuread_service_principal_password.pwd",
            "module.caf.module.azuread_applications.azurerm_key_vault_secret.client_id",
            "module.caf.module.azuread_applications.azurerm_key_vault_secret.client_secret",
            "module.caf.module.azuread_applications.azurerm_key_vault_secret.tenant_id",
            "module.caf.module.azuread_applications.null_resource.grant_admin_consent",
            "module.caf.module.azuread_applications.random_password.pwd",
            "module.caf.module.azuread_applications.time_rotating.pwd",
            "module.caf.module.azuread_groups.azuread_group.group",
            "module.caf.module.azurerm_firewall_policies.azurecaf_name.fwpol",
            "module.caf.module.azurerm_firewall_policies.azurerm_firewall_policy.fwpol",
            "module.caf.module.azurerm_firewall_policy_rule_collection_groups.azurecaf_name.application_rule",
            "module.caf.module.azurerm_firewall_policy_rule_collection_groups.azurecaf_name.nat_rule",
            "module.caf.module.azurerm_firewall_policy_rule_collection_groups.azurecaf_name.network_rule",
            "module.caf.module.azurerm_firewall_policy_rule_collection_groups.azurecaf_name.polgroup",
            "module.caf.module.azurerm_firewall_policy_rule_collection_groups.azurerm_firewall_policy_rule_collection_group.polgroup",
            "module.caf.module.azurerm_firewalls.azurecaf_name.fw",
            "module.caf.module.azurerm_firewalls.azurerm_firewall.fw",
            "module.caf.module.azurerm_firewalls.module.diagnostics.azurerm_monitor_diagnostic_setting.diagnostics",
            "module.caf.module.diagnostic_event_hub_namespaces.azurecaf_name.evh",
            "module.caf.module.diagnostic_event_hub_namespaces.azurerm_eventhub_namespace.evh",
            "module.caf.module.diagnostic_event_hub_namespaces.module.event_hub_namespace_auth_rules.azurecaf_name.evh_ns_rule_name",
            "module.caf.module.diagnostic_event_hub_namespaces.module.event_hub_namespace_auth_rules.azurerm_eventhub_namespace_authorization_rule.evh_ns_rule",
            "module.caf.module.diagnostic_event_hub_namespaces.module.event_hubs.azurecaf_name.evhub",
            "module.caf.module.diagnostic_event_hub_namespaces.module.event_hubs.azurerm_eventhub.evhub",
            "module.caf.module.diagnostic_event_hub_namespaces.module.event_hubs.module.authorization_rules.azurecaf_name.evh_rule",
            "module.caf.module.diagnostic_event_hub_namespaces.module.event_hubs.module.authorization_rules.azurerm_eventhub_authorization_rule.evhub_rule",
            "module.caf.module.diagnostic_log_analytics.azurecaf_name.law",
            "module.caf.module.diagnostic_log_analytics.azurerm_log_analytics_solution.solution",
            "module.caf.module.diagnostic_log_analytics.azurerm_log_analytics_workspace.law",
            "module.caf.module.diagnostic_storage_accounts.azurecaf_name.stg",
            "module.caf.module.diagnostic_storage_accounts.azurerm_backup_container_storage_account.container",
            "module.caf.module.diagnostic_storage_accounts.azurerm_storage_account.stg",
            "module.caf.module.diagnostic_storage_accounts.module.container.azurerm_storage_container.stg",
            "module.caf.module.diagnostic_storage_accounts.module.container.module.blob.azurerm_storage_blob.blob",
            "module.caf.module.diagnostic_storage_accounts.module.data_lake_filesystem.azurerm_storage_data_lake_gen2_filesystem.gen2",
            "module.caf.module.diagnostic_storage_accounts.module.private_endpoint.azurecaf_name.pep",
            "module.caf.module.diagnostic_storage_accounts.module.private_endpoint.azurerm_private_endpoint.pep",
            "module.caf.module.dynamic_keyvault_secrets.module.secret.azurerm_key_vault_secret.secret",
            "module.caf.module.dynamic_keyvault_secrets.module.secret_immutable.azurerm_key_vault_secret.secret",
            "module.caf.module.dynamic_keyvault_secrets.module.secret_value.azurerm_key_vault_secret.secret",
            "module.caf.module.ip_groups.azurecaf_name.ip_group",
            "module.caf.module.ip_groups.azurerm_ip_group.ip_group",
            "module.caf.module.keyvault_access_policies.module.azuread_apps.azurerm_key_vault_access_policy.policy",
            "module.caf.module.keyvault_access_policies.module.azuread_group.azurerm_key_vault_access_policy.policy",
            "module.caf.module.keyvault_access_policies.module.diagnostic_storage_accounts.azurerm_key_vault_access_policy.policy",
            "module.caf.module.keyvault_access_policies.module.logged_in_aad_app.azurerm_key_vault_access_policy.policy",
            "module.caf.module.keyvault_access_policies.module.logged_in_user.azurerm_key_vault_access_policy.policy",
            "module.caf.module.keyvault_access_policies.module.managed_identity.azurerm_key_vault_access_policy.policy",
            "module.caf.module.keyvault_access_policies.module.mssql_managed_instance.azurerm_key_vault_access_policy.policy",
            "module.caf.module.keyvault_access_policies.module.mssql_managed_instances_secondary.azurerm_key_vault_access_policy.policy",
            "module.caf.module.keyvault_access_policies.module.object_id.azurerm_key_vault_access_policy.policy",
            "module.caf.module.keyvault_access_policies.module.storage_accounts.azurerm_key_vault_access_policy.policy",
            "module.caf.module.keyvault_access_policies_azuread_apps.module.azuread_apps.azurerm_key_vault_access_policy.policy",
            "module.caf.module.keyvault_access_policies_azuread_apps.module.azuread_group.azurerm_key_vault_access_policy.policy",
            "module.caf.module.keyvault_access_policies_azuread_apps.module.diagnostic_storage_accounts.azurerm_key_vault_access_policy.policy",
            "module.caf.module.keyvault_access_policies_azuread_apps.module.logged_in_aad_app.azurerm_key_vault_access_policy.policy",
            "module.caf.module.keyvault_access_policies_azuread_apps.module.logged_in_user.azurerm_key_vault_access_policy.policy",
            "module.caf.module.keyvault_access_policies_azuread_apps.module.managed_identity.azurerm_key_vault_access_policy.policy",
            "module.caf.module.keyvault_access_policies_azuread_apps.module.mssql_managed_instance.azurerm_key_vault_access_policy.policy",
            "module.caf.module.keyvault_access_policies_azuread_apps.module.mssql_managed_instances_secondary.azurerm_key_vault_access_policy.policy",
            "module.caf.module.keyvault_access_policies_azuread_apps.module.object_id.azurerm_key_vault_access_policy.policy",
            "module.caf.module.keyvault_access_policies_azuread_apps.module.storage_accounts.azurerm_key_vault_access_policy.policy",
            "module.caf.module.keyvaults.azurecaf_name.keyvault",
            "module.caf.module.keyvaults.azurerm_key_vault.keyvault",
            "module.caf.module.keyvaults.azurerm_key_vault_secret.secret",
            "module.caf.module.keyvaults.azurerm_key_vault_secret.secret_ignore_changes",
            "module.caf.module.keyvaults.module.diagnostics.azurerm_monitor_diagnostic_setting.diagnostics",
            "module.caf.module.keyvaults.module.initial_policy.module.azuread_apps.azurerm_key_vault_access_policy.policy",
            "module.caf.module.keyvaults.module.initial_policy.module.azuread_group.azurerm_key_vault_access_policy.policy",
            "module.caf.module.keyvaults.module.initial_policy.module.diagnostic_storage_accounts.azurerm_key_vault_access_policy.policy",
            "module.caf.module.keyvaults.module.initial_policy.module.logged_in_aad_app.azurerm_key_vault_access_policy.policy",
            "module.caf.module.keyvaults.module.initial_policy.module.logged_in_user.azurerm_key_vault_access_policy.policy",
            "module.caf.module.keyvaults.module.initial_policy.module.managed_identity.azurerm_key_vault_access_policy.policy",
            "module.caf.module.keyvaults.module.initial_policy.module.mssql_managed_instance.azurerm_key_vault_access_policy.policy",
            "module.caf.module.keyvaults.module.initial_policy.module.mssql_managed_instances_secondary.azurerm_key_vault_access_policy.policy",
            "module.caf.module.keyvaults.module.initial_policy.module.object_id.azurerm_key_vault_access_policy.policy",
            "module.caf.module.keyvaults.module.initial_policy.module.storage_accounts.azurerm_key_vault_access_policy.policy",
            "module.caf.module.keyvaults.module.private_endpoint.azurecaf_name.pep",
            "module.caf.module.keyvaults.module.private_endpoint.azurerm_private_endpoint.pep",
            "module.caf.module.managed_identities.azurecaf_name.msi",
            "module.caf.module.managed_identities.azurerm_user_assigned_identity.msi",
            "module.caf.module.mssql_managed_instances.azurecaf_name.mssqlmi",
            "module.caf.module.mssql_managed_instances.azurerm_template_deployment.mssqlmi",
            "module.caf.module.mssql_managed_instances.null_resource.destroy_sqlmi",
            "module.caf.module.mssql_managed_instances_secondary.azurecaf_name.mssqlmi",
            "module.caf.module.mssql_managed_instances_secondary.azurerm_template_deployment.mssqlmi",
            "module.caf.module.mssql_managed_instances_secondary.null_resource.destroy_sqlmi",
            "module.caf.module.network_security_groups.azurecaf_name.nsg",
            "module.caf.module.network_security_groups.azurerm_network_security_group.nsg",
            "module.caf.module.network_security_groups.module.diagnostics.azurerm_monitor_diagnostic_setting.diagnostics",
            "module.caf.module.network_security_groups.module.nsg_flows.azurerm_network_watcher_flow_log.flow",
            "module.caf.module.network_watchers.azurecaf_name.netwatcher",
            "module.caf.module.network_watchers.azurerm_network_watcher.netwatcher",
            "module.caf.module.networking.azurecaf_name.caf_name_vnet",
            "module.caf.module.networking.azurerm_subnet_network_security_group_association.nsg_vnet_association",
            "module.caf.module.networking.azurerm_subnet_network_security_group_association.nsg_vnet_association_version",
            "module.caf.module.networking.azurerm_subnet_route_table_association.rt",
            "module.caf.module.networking.azurerm_virtual_network.vnet",
            "module.caf.module.networking.module.diagnostics.azurerm_monitor_diagnostic_setting.diagnostics",
            "module.caf.module.networking.module.nsg.azurecaf_name.nsg_obj",
            "module.caf.module.networking.module.nsg.azurerm_network_security_group.nsg_obj",
            "module.caf.module.networking.module.nsg.module.diagnostics.azurerm_monitor_diagnostic_setting.diagnostics",
            "module.caf.module.networking.module.nsg.module.nsg_flows.azurerm_network_watcher_flow_log.flow",
            "module.caf.module.networking.module.special_subnets.azurecaf_name.subnet",
            "module.caf.module.networking.module.special_subnets.azurerm_subnet.subnet",
            "module.caf.module.networking.module.subnets.azurecaf_name.subnet",
            "module.caf.module.networking.module.subnets.azurerm_subnet.subnet",
            "module.caf.module.private_dns.azurecaf_name.pnetlk",
            "module.caf.module.private_dns.azurerm_private_dns_a_record.a_records",
            "module.caf.module.private_dns.azurerm_private_dns_aaaa_record.aaaa_records",
            "module.caf.module.private_dns.azurerm_private_dns_cname_record.cname_records",
            "module.caf.module.private_dns.azurerm_private_dns_mx_record.mx_records",
            "module.caf.module.private_dns.azurerm_private_dns_ptr_record.ptr_records",
            "module.caf.module.private_dns.azurerm_private_dns_srv_record.srv_records",
            "module.caf.module.private_dns.azurerm_private_dns_txt_record.txt_records",
            "module.caf.module.private_dns.azurerm_private_dns_zone.private_dns",
            "module.caf.module.private_dns.azurerm_private_dns_zone_virtual_network_link.vnet_links",
            "module.caf.module.proximity_placement_groups.azurecaf_name.ppg",
            "module.caf.module.proximity_placement_groups.azurerm_proximity_placement_group.ppg",
            "module.caf.module.public_ip_addresses.azurerm_public_ip.pip",
            "module.caf.module.public_ip_addresses.module.diagnostics.azurerm_monitor_diagnostic_setting.diagnostics",
            "module.caf.module.recovery_vaults.azurecaf_name.asr_rg_vault",
            "module.caf.module.recovery_vaults.azurerm_backup_policy_file_share.fs",
            "module.caf.module.recovery_vaults.azurerm_backup_policy_vm.vm",
            "module.caf.module.recovery_vaults.azurerm_recovery_services_vault.asr",
            "module.caf.module.recovery_vaults.azurerm_site_recovery_fabric.recovery_fabric",
            "module.caf.module.recovery_vaults.azurerm_site_recovery_protection_container.protection_container",
            "module.caf.module.recovery_vaults.azurerm_site_recovery_protection_container_mapping.container-mapping",
            "module.caf.module.recovery_vaults.azurerm_site_recovery_replication_policy.policy",
            "module.caf.module.recovery_vaults.module.diagnostics.azurerm_monitor_diagnostic_setting.diagnostics",
            "module.caf.module.recovery_vaults.module.private_endpoint.azurecaf_name.pep",
            "module.caf.module.recovery_vaults.module.private_endpoint.azurerm_private_endpoint.pep",
            "module.caf.module.recovery_vaults.time_sleep.delay_create",
            "module.caf.module.resource_group_reused.data.azurerm_resource_group.rg",
            "module.caf.module.resource_groups.azurecaf_name.rg",
            "module.caf.module.resource_groups.azurerm_resource_group.rg",
            "module.caf.module.route_tables.azurerm_route_table.rt",
            "module.caf.module.routes.azurerm_route.route",
            "module.caf.module.storage_accounts.azurecaf_name.stg",
            "module.caf.module.storage_accounts.azurerm_backup_container_storage_account.container",
            "module.caf.module.storage_accounts.azurerm_storage_account.stg",
            "module.caf.module.storage_accounts.module.container.azurerm_storage_container.stg",
            "module.caf.module.storage_accounts.module.container.module.blob.azurerm_storage_blob.blob",
            "module.caf.module.storage_accounts.module.data_lake_filesystem.azurerm_storage_data_lake_gen2_filesystem.gen2",
            "module.caf.module.storage_accounts.module.private_endpoint.azurecaf_name.pep",
            "module.caf.module.storage_accounts.module.private_endpoint.azurerm_private_endpoint.pep",
            "module.caf.module.virtual_machines.azurecaf_name.nic",
            "module.caf.module.virtual_machines.azurerm_network_interface.nic",
            "module.caf.module.virtual_machines.azurerm_network_interface_security_group_association.nic_nsg",
            "module.caf.module.virtual_wans.azurecaf_name.vwan",
            "module.caf.module.virtual_wans.azurerm_virtual_wan.vwan",
            "module.caf.module.virtual_wans.module.hubs.azurecaf_name.bgp_con",
            "module.caf.module.virtual_wans.module.hubs.azurecaf_name.er_gateway",
            "module.caf.module.virtual_wans.module.hubs.azurecaf_name.hub_ip",
            "module.caf.module.virtual_wans.module.hubs.azurecaf_name.p2s_gateway",
            "module.caf.module.virtual_wans.module.hubs.azurecaf_name.s2s_gateway",
            "module.caf.module.virtual_wans.module.hubs.azurecaf_name.spp",
            "module.caf.module.virtual_wans.module.hubs.azurecaf_name.virtualhub_fw",
            "module.caf.module.virtual_wans.module.hubs.azurecaf_name.vwan_hub",
            "module.caf.module.virtual_wans.module.hubs.azurerm_express_route_gateway.er_gateway",
            "module.caf.module.virtual_wans.module.hubs.azurerm_point_to_site_vpn_gateway.p2s_gateway",
            "module.caf.module.virtual_wans.module.hubs.azurerm_template_deployment.arm_template_vhub_firewall",
            "module.caf.module.virtual_wans.module.hubs.azurerm_virtual_hub.vwan_hub",
            "module.caf.module.virtual_wans.module.hubs.azurerm_virtual_hub_bgp_connection.bgp_con",
            "module.caf.module.virtual_wans.module.hubs.azurerm_virtual_hub_ip.hub_ip",
            "module.caf.module.virtual_wans.module.hubs.azurerm_virtual_hub_security_partner_provider.spp",
            "module.caf.module.virtual_wans.module.hubs.azurerm_vpn_gateway.s2s_gateway",
            "module.caf.module.virtual_wans.module.hubs.azurerm_vpn_server_configuration.p2s_configuration",
            "module.caf.module.virtual_wans.module.hubs.data.azurerm_subscription.current",
            "module.caf.module.virtual_wans.module.hubs.null_resource.arm_template_vhub_firewall",
            "module.caf.random_string.prefix"
          ]
        }
      ]
    },
    {
      "module": "module.caf.module.virtual_machines[\"example_vm1\"]",
      "mode": "managed",
      "type": "azurecaf_name",
      "name": "nic",
      "provider": "provider[\"registry.terraform.io/aztfmod/azurecaf\"]",
      "instances": [
        {
          "index_key": "nic0",
          "schema_version": 3,
          "attributes": {
            "clean_input": true,
            "id": "cuwnfvadfofgsdrx",
            "name": "0",
            "passthrough": false,
            "prefixes": [
              "hflk"
            ],
            "random_length": 0,
            "random_seed": null,
            "resource_type": "azurerm_network_interface",
            "resource_types": null,
            "result": "hflk-nic-0",
            "results": {},
            "separator": "-",
            "suffixes": null,
            "use_slug": true
          },
          "sensitive_attributes": [],
          "private": "eyJzY2hlbWFfdmVyc2lvbiI6IjMifQ==",
          "dependencies": [
            "module.caf.azurecaf_name.ddos_protection_plan",
            "module.caf.azurecaf_name.public_ip_addresses",
            "module.caf.azurecaf_name.route_tables",
            "module.caf.azurecaf_name.routes",
            "module.caf.azurerm_network_ddos_protection_plan.ddos_protection_plan",
            "module.caf.data.azuread_service_principal.logged_in_app",
            "module.caf.data.azurerm_client_config.current",
            "module.caf.module.application_security_groups.azurecaf_name.asg",
            "module.caf.module.application_security_groups.azurerm_application_security_group.asg",
            "module.caf.module.availability_sets.azurecaf_name.avset",
            "module.caf.module.availability_sets.azurerm_availability_set.avset",
            "module.caf.module.azuread_applications.azuread_application.app",
            "module.caf.module.azuread_applications.azuread_service_principal.app",
            "module.caf.module.azuread_applications.azuread_service_principal_password.pwd",
            "module.caf.module.azuread_applications.azurerm_key_vault_secret.client_id",
            "module.caf.module.azuread_applications.azurerm_key_vault_secret.client_secret",
            "module.caf.module.azuread_applications.azurerm_key_vault_secret.tenant_id",
            "module.caf.module.azuread_applications.null_resource.grant_admin_consent",
            "module.caf.module.azuread_applications.random_password.pwd",
            "module.caf.module.azuread_applications.time_rotating.pwd",
            "module.caf.module.azuread_groups.azuread_group.group",
            "module.caf.module.azurerm_firewall_policies.azurecaf_name.fwpol",
            "module.caf.module.azurerm_firewall_policies.azurerm_firewall_policy.fwpol",
            "module.caf.module.azurerm_firewall_policy_rule_collection_groups.azurecaf_name.application_rule",
            "module.caf.module.azurerm_firewall_policy_rule_collection_groups.azurecaf_name.nat_rule",
            "module.caf.module.azurerm_firewall_policy_rule_collection_groups.azurecaf_name.network_rule",
            "module.caf.module.azurerm_firewall_policy_rule_collection_groups.azurecaf_name.polgroup",
            "module.caf.module.azurerm_firewall_policy_rule_collection_groups.azurerm_firewall_policy_rule_collection_group.polgroup",
            "module.caf.module.azurerm_firewalls.azurecaf_name.fw",
            "module.caf.module.azurerm_firewalls.azurerm_firewall.fw",
            "module.caf.module.azurerm_firewalls.module.diagnostics.azurerm_monitor_diagnostic_setting.diagnostics",
            "module.caf.module.diagnostic_event_hub_namespaces.azurecaf_name.evh",
            "module.caf.module.diagnostic_event_hub_namespaces.azurerm_eventhub_namespace.evh",
            "module.caf.module.diagnostic_event_hub_namespaces.module.event_hub_namespace_auth_rules.azurecaf_name.evh_ns_rule_name",
            "module.caf.module.diagnostic_event_hub_namespaces.module.event_hub_namespace_auth_rules.azurerm_eventhub_namespace_authorization_rule.evh_ns_rule",
            "module.caf.module.diagnostic_event_hub_namespaces.module.event_hubs.azurecaf_name.evhub",
            "module.caf.module.diagnostic_event_hub_namespaces.module.event_hubs.azurerm_eventhub.evhub",
            "module.caf.module.diagnostic_event_hub_namespaces.module.event_hubs.module.authorization_rules.azurecaf_name.evh_rule",
            "module.caf.module.diagnostic_event_hub_namespaces.module.event_hubs.module.authorization_rules.azurerm_eventhub_authorization_rule.evhub_rule",
            "module.caf.module.diagnostic_log_analytics.azurecaf_name.law",
            "module.caf.module.diagnostic_log_analytics.azurerm_log_analytics_solution.solution",
            "module.caf.module.diagnostic_log_analytics.azurerm_log_analytics_workspace.law",
            "module.caf.module.diagnostic_storage_accounts.azurecaf_name.stg",
            "module.caf.module.diagnostic_storage_accounts.azurerm_backup_container_storage_account.container",
            "module.caf.module.diagnostic_storage_accounts.azurerm_storage_account.stg",
            "module.caf.module.diagnostic_storage_accounts.module.container.azurerm_storage_container.stg",
            "module.caf.module.diagnostic_storage_accounts.module.container.module.blob.azurerm_storage_blob.blob",
            "module.caf.module.diagnostic_storage_accounts.module.data_lake_filesystem.azurerm_storage_data_lake_gen2_filesystem.gen2",
            "module.caf.module.diagnostic_storage_accounts.module.private_endpoint.azurecaf_name.pep",
            "module.caf.module.diagnostic_storage_accounts.module.private_endpoint.azurerm_private_endpoint.pep",
            "module.caf.module.dynamic_keyvault_secrets.module.secret.azurerm_key_vault_secret.secret",
            "module.caf.module.dynamic_keyvault_secrets.module.secret_immutable.azurerm_key_vault_secret.secret",
            "module.caf.module.dynamic_keyvault_secrets.module.secret_value.azurerm_key_vault_secret.secret",
            "module.caf.module.ip_groups.azurecaf_name.ip_group",
            "module.caf.module.ip_groups.azurerm_ip_group.ip_group",
            "module.caf.module.keyvault_access_policies.module.azuread_apps.azurerm_key_vault_access_policy.policy",
            "module.caf.module.keyvault_access_policies.module.azuread_group.azurerm_key_vault_access_policy.policy",
            "module.caf.module.keyvault_access_policies.module.diagnostic_storage_accounts.azurerm_key_vault_access_policy.policy",
            "module.caf.module.keyvault_access_policies.module.logged_in_aad_app.azurerm_key_vault_access_policy.policy",
            "module.caf.module.keyvault_access_policies.module.logged_in_user.azurerm_key_vault_access_policy.policy",
            "module.caf.module.keyvault_access_policies.module.managed_identity.azurerm_key_vault_access_policy.policy",
            "module.caf.module.keyvault_access_policies.module.mssql_managed_instance.azurerm_key_vault_access_policy.policy",
            "module.caf.module.keyvault_access_policies.module.mssql_managed_instances_secondary.azurerm_key_vault_access_policy.policy",
            "module.caf.module.keyvault_access_policies.module.object_id.azurerm_key_vault_access_policy.policy",
            "module.caf.module.keyvault_access_policies.module.storage_accounts.azurerm_key_vault_access_policy.policy",
            "module.caf.module.keyvault_access_policies_azuread_apps.module.azuread_apps.azurerm_key_vault_access_policy.policy",
            "module.caf.module.keyvault_access_policies_azuread_apps.module.azuread_group.azurerm_key_vault_access_policy.policy",
            "module.caf.module.keyvault_access_policies_azuread_apps.module.diagnostic_storage_accounts.azurerm_key_vault_access_policy.policy",
            "module.caf.module.keyvault_access_policies_azuread_apps.module.logged_in_aad_app.azurerm_key_vault_access_policy.policy",
            "module.caf.module.keyvault_access_policies_azuread_apps.module.logged_in_user.azurerm_key_vault_access_policy.policy",
            "module.caf.module.keyvault_access_policies_azuread_apps.module.managed_identity.azurerm_key_vault_access_policy.policy",
            "module.caf.module.keyvault_access_policies_azuread_apps.module.mssql_managed_instance.azurerm_key_vault_access_policy.policy",
            "module.caf.module.keyvault_access_policies_azuread_apps.module.mssql_managed_instances_secondary.azurerm_key_vault_access_policy.policy",
            "module.caf.module.keyvault_access_policies_azuread_apps.module.object_id.azurerm_key_vault_access_policy.policy",
            "module.caf.module.keyvault_access_policies_azuread_apps.module.storage_accounts.azurerm_key_vault_access_policy.policy",
            "module.caf.module.keyvaults.azurecaf_name.keyvault",
            "module.caf.module.keyvaults.azurerm_key_vault.keyvault",
            "module.caf.module.keyvaults.azurerm_key_vault_secret.secret",
            "module.caf.module.keyvaults.azurerm_key_vault_secret.secret_ignore_changes",
            "module.caf.module.keyvaults.module.diagnostics.azurerm_monitor_diagnostic_setting.diagnostics",
            "module.caf.module.keyvaults.module.initial_policy.module.azuread_apps.azurerm_key_vault_access_policy.policy",
            "module.caf.module.keyvaults.module.initial_policy.module.azuread_group.azurerm_key_vault_access_policy.policy",
            "module.caf.module.keyvaults.module.initial_policy.module.diagnostic_storage_accounts.azurerm_key_vault_access_policy.policy",
            "module.caf.module.keyvaults.module.initial_policy.module.logged_in_aad_app.azurerm_key_vault_access_policy.policy",
            "module.caf.module.keyvaults.module.initial_policy.module.logged_in_user.azurerm_key_vault_access_policy.policy",
            "module.caf.module.keyvaults.module.initial_policy.module.managed_identity.azurerm_key_vault_access_policy.policy",
            "module.caf.module.keyvaults.module.initial_policy.module.mssql_managed_instance.azurerm_key_vault_access_policy.policy",
            "module.caf.module.keyvaults.module.initial_policy.module.mssql_managed_instances_secondary.azurerm_key_vault_access_policy.policy",
            "module.caf.module.keyvaults.module.initial_policy.module.object_id.azurerm_key_vault_access_policy.policy",
            "module.caf.module.keyvaults.module.initial_policy.module.storage_accounts.azurerm_key_vault_access_policy.policy",
            "module.caf.module.keyvaults.module.private_endpoint.azurecaf_name.pep",
            "module.caf.module.keyvaults.module.private_endpoint.azurerm_private_endpoint.pep",
            "module.caf.module.managed_identities.azurecaf_name.msi",
            "module.caf.module.managed_identities.azurerm_user_assigned_identity.msi",
            "module.caf.module.mssql_managed_instances.azurecaf_name.mssqlmi",
            "module.caf.module.mssql_managed_instances.azurerm_template_deployment.mssqlmi",
            "module.caf.module.mssql_managed_instances.null_resource.destroy_sqlmi",
            "module.caf.module.mssql_managed_instances_secondary.azurecaf_name.mssqlmi",
            "module.caf.module.mssql_managed_instances_secondary.azurerm_template_deployment.mssqlmi",
            "module.caf.module.mssql_managed_instances_secondary.null_resource.destroy_sqlmi",
            "module.caf.module.network_security_groups.azurecaf_name.nsg",
            "module.caf.module.network_security_groups.azurerm_network_security_group.nsg",
            "module.caf.module.network_security_groups.module.diagnostics.azurerm_monitor_diagnostic_setting.diagnostics",
            "module.caf.module.network_security_groups.module.nsg_flows.azurerm_network_watcher_flow_log.flow",
            "module.caf.module.network_watchers.azurecaf_name.netwatcher",
            "module.caf.module.network_watchers.azurerm_network_watcher.netwatcher",
            "module.caf.module.networking.azurecaf_name.caf_name_vnet",
            "module.caf.module.networking.azurerm_subnet_network_security_group_association.nsg_vnet_association",
            "module.caf.module.networking.azurerm_subnet_network_security_group_association.nsg_vnet_association_version",
            "module.caf.module.networking.azurerm_subnet_route_table_association.rt",
            "module.caf.module.networking.azurerm_virtual_network.vnet",
            "module.caf.module.networking.module.diagnostics.azurerm_monitor_diagnostic_setting.diagnostics",
            "module.caf.module.networking.module.nsg.azurecaf_name.nsg_obj",
            "module.caf.module.networking.module.nsg.azurerm_network_security_group.nsg_obj",
            "module.caf.module.networking.module.nsg.module.diagnostics.azurerm_monitor_diagnostic_setting.diagnostics",
            "module.caf.module.networking.module.nsg.module.nsg_flows.azurerm_network_watcher_flow_log.flow",
            "module.caf.module.networking.module.special_subnets.azurecaf_name.subnet",
            "module.caf.module.networking.module.special_subnets.azurerm_subnet.subnet",
            "module.caf.module.networking.module.subnets.azurecaf_name.subnet",
            "module.caf.module.networking.module.subnets.azurerm_subnet.subnet",
            "module.caf.module.private_dns.azurecaf_name.pnetlk",
            "module.caf.module.private_dns.azurerm_private_dns_a_record.a_records",
            "module.caf.module.private_dns.azurerm_private_dns_aaaa_record.aaaa_records",
            "module.caf.module.private_dns.azurerm_private_dns_cname_record.cname_records",
            "module.caf.module.private_dns.azurerm_private_dns_mx_record.mx_records",
            "module.caf.module.private_dns.azurerm_private_dns_ptr_record.ptr_records",
            "module.caf.module.private_dns.azurerm_private_dns_srv_record.srv_records",
            "module.caf.module.private_dns.azurerm_private_dns_txt_record.txt_records",
            "module.caf.module.private_dns.azurerm_private_dns_zone.private_dns",
            "module.caf.module.private_dns.azurerm_private_dns_zone_virtual_network_link.vnet_links",
            "module.caf.module.proximity_placement_groups.azurecaf_name.ppg",
            "module.caf.module.proximity_placement_groups.azurerm_proximity_placement_group.ppg",
            "module.caf.module.public_ip_addresses.azurerm_public_ip.pip",
            "module.caf.module.public_ip_addresses.module.diagnostics.azurerm_monitor_diagnostic_setting.diagnostics",
            "module.caf.module.recovery_vaults.azurecaf_name.asr_rg_vault",
            "module.caf.module.recovery_vaults.azurerm_backup_policy_file_share.fs",
            "module.caf.module.recovery_vaults.azurerm_backup_policy_vm.vm",
            "module.caf.module.recovery_vaults.azurerm_recovery_services_vault.asr",
            "module.caf.module.recovery_vaults.azurerm_site_recovery_fabric.recovery_fabric",
            "module.caf.module.recovery_vaults.azurerm_site_recovery_protection_container.protection_container",
            "module.caf.module.recovery_vaults.azurerm_site_recovery_protection_container_mapping.container-mapping",
            "module.caf.module.recovery_vaults.azurerm_site_recovery_replication_policy.policy",
            "module.caf.module.recovery_vaults.module.diagnostics.azurerm_monitor_diagnostic_setting.diagnostics",
            "module.caf.module.recovery_vaults.module.private_endpoint.azurecaf_name.pep",
            "module.caf.module.recovery_vaults.module.private_endpoint.azurerm_private_endpoint.pep",
            "module.caf.module.recovery_vaults.time_sleep.delay_create",
            "module.caf.module.resource_group_reused.data.azurerm_resource_group.rg",
            "module.caf.module.resource_groups.azurecaf_name.rg",
            "module.caf.module.resource_groups.azurerm_resource_group.rg",
            "module.caf.module.route_tables.azurerm_route_table.rt",
            "module.caf.module.routes.azurerm_route.route",
            "module.caf.module.storage_accounts.azurecaf_name.stg",
            "module.caf.module.storage_accounts.azurerm_backup_container_storage_account.container",
            "module.caf.module.storage_accounts.azurerm_storage_account.stg",
            "module.caf.module.storage_accounts.module.container.azurerm_storage_container.stg",
            "module.caf.module.storage_accounts.module.container.module.blob.azurerm_storage_blob.blob",
            "module.caf.module.storage_accounts.module.data_lake_filesystem.azurerm_storage_data_lake_gen2_filesystem.gen2",
            "module.caf.module.storage_accounts.module.private_endpoint.azurecaf_name.pep",
            "module.caf.module.storage_accounts.module.private_endpoint.azurerm_private_endpoint.pep",
            "module.caf.module.virtual_wans.azurecaf_name.vwan",
            "module.caf.module.virtual_wans.azurerm_virtual_wan.vwan",
            "module.caf.module.virtual_wans.module.hubs.azurecaf_name.bgp_con",
            "module.caf.module.virtual_wans.module.hubs.azurecaf_name.er_gateway",
            "module.caf.module.virtual_wans.module.hubs.azurecaf_name.hub_ip",
            "module.caf.module.virtual_wans.module.hubs.azurecaf_name.p2s_gateway",
            "module.caf.module.virtual_wans.module.hubs.azurecaf_name.s2s_gateway",
            "module.caf.module.virtual_wans.module.hubs.azurecaf_name.spp",
            "module.caf.module.virtual_wans.module.hubs.azurecaf_name.virtualhub_fw",
            "module.caf.module.virtual_wans.module.hubs.azurecaf_name.vwan_hub",
            "module.caf.module.virtual_wans.module.hubs.azurerm_express_route_gateway.er_gateway",
            "module.caf.module.virtual_wans.module.hubs.azurerm_point_to_site_vpn_gateway.p2s_gateway",
            "module.caf.module.virtual_wans.module.hubs.azurerm_template_deployment.arm_template_vhub_firewall",
            "module.caf.module.virtual_wans.module.hubs.azurerm_virtual_hub.vwan_hub",
            "module.caf.module.virtual_wans.module.hubs.azurerm_virtual_hub_bgp_connection.bgp_con",
            "module.caf.module.virtual_wans.module.hubs.azurerm_virtual_hub_ip.hub_ip",
            "module.caf.module.virtual_wans.module.hubs.azurerm_virtual_hub_security_partner_provider.spp",
            "module.caf.module.virtual_wans.module.hubs.azurerm_vpn_gateway.s2s_gateway",
            "module.caf.module.virtual_wans.module.hubs.azurerm_vpn_server_configuration.p2s_configuration",
            "module.caf.module.virtual_wans.module.hubs.data.azurerm_subscription.current",
            "module.caf.module.virtual_wans.module.hubs.null_resource.arm_template_vhub_firewall",
            "module.caf.random_string.prefix"
          ]
        }
      ]
    },
    {
      "module": "module.caf.module.virtual_machines[\"example_vm1\"]",
      "mode": "managed",
      "type": "azurerm_key_vault_secret",
      "name": "ssh_private_key",
      "provider": "module.caf.provider[\"registry.terraform.io/hashicorp/azurerm\"]",
      "instances": [
        {
          "index_key": "linux",
          "schema_version": 0,
          "attributes": {
            "content_type": "",
            "expiration_date": null,
            "id": "https://hflk-kv-vmlinuxakv.vault.azure.net/secrets/hflk-vm-CAFvm1-ssh-private-key/71921dc75de64ca0a38121272fe30770",
            "key_vault_id": "/subscriptions/14692f20-9428-451b-8298-102ed4e39c2a/resourceGroups/hflk-rg-example-virtual-machine-rg1/providers/Microsoft.KeyVault/vaults/hflk-kv-vmlinuxakv",
            "name": "hflk-vm-CAFvm1-ssh-private-key",
            "not_before_date": null,
            "tags": {},
            "timeouts": null,
            "value": "-----BEGIN RSA PRIVATE KEY-----\nMIIJKQIBAAKCAgEAwzCzc6nF2+39DY8YoSGSdtheVdOHhgYWExGPeB6EJ43lU5se\nlLv8LMu/IYPNfEfdIGrhcUFmneoIiN89yiaZi4Lmp8/16iQdCyKcd11p03B59/ty\nq9XNUrnPgK2dSll7o8XI83RxN5bm5C/X05BDvbGRLU0Lsw0DL8K8keNu9RiQmpkc\nFajSItZ++1EredgOkrMdTPdbdsj4xCOoxlY1fFM+bsNid2qv7ih2jytjt2WnBgCv\n9snVue0d29sNxiSqTHMgHUYZxtoa0RsB4LamMt5HnAqk7x2q4f1Dc2xTZj15rN+1\nFlgf7eeKjSgr/jT6W2NEiHBzprXDjl3a0yQ97rVAjo909CPPD1Vj3xU4lnq10RxG\nIhIzGbsOGV1miGfQJh6kGQG4pfV3P9jAmob5wwWokyQWUidk2epxTHoJDtQi/r37\n2ljXll/Up+CuF8ZREuq/Iu4n62YlXGV5eerNhszA3i7xjanR3M/2IKDGjCdhkhuD\n5I3UjaaoVNRjGuOZUfKmEgtzqG0dQ4gcvW+sHCnhpgeZo9LwALo8gSXAMw4OvBTr\nC9XJD0W+9lKyZR6Arwq4O50UB1vDroSXd7KbzP7G/S33ZAKsWDLrM66wkX0XUPPX\nHGZiG2TixjMsApVC7sonh7QpBx63NffPQ9sHMZ2+dLwI6ySUiJFK0LOsTS0CAwEA\nAQKCAgBfP+vCPI3GJhu/ux2su8JKZomaXlAbEetBwOb/Gf0phC/tnZvNvvJvNbn+\nc+AZjsQUprN+3ghidStXB4GSnUV+dBF0wKHjcV4O6gPqp9YVjSSn47dwrTO18+CT\njaVc+8+++qx2SVNaajQgFEzA+/xinD0ZGyjjZi0w6Fm244Jo7mTaXG79DtYElCGB\nKHoLymhKJEffIDItBCOJK1GX/8e39LNZv9TUK2bQ1EQO14CgpWVdI4a66oF2aoSQ\nnhPZpljIV8HLJ0M664H8mq5O5zKxThEpz3PvD84s27dHowwLr2Ip/zzSO4zRPpU5\nDupw8Y9ee1GdNyropnhYh+pZ8Kybbrr+unbV78j6yPSz+fNd4sHJc5TRvPhp5VbD\nat0FqcUy69o44ku3y3bx+XofcuCSh0RxBRzM4MsRwWMMRq05jO6hDHhcTLaFY7bi\nwyG3Dzuhh4ymlWwC8pDeHf439osp3Dx8yPxLjNJD4ymtHvFzCZOJ/nRFg0BvsziO\nAuG76WEWmx1irEb15YBKvGmDAbi8kS20JOr8hqVkFBKRQDomf2BKhryAK7Q/hpU5\nSn+sDBzqMapONqfdZBYqSIobrKSusvq5OZzyfJJktaUu1ecen/jK+GgMC5JqRaib\nFBHNH21nL3FAw4ij5aM3tTSV54BfDETk9sXZTfk75ntY0Bk14QKCAQEA6yXZgq1O\nRNeIdVu+K8oppjKcyqb/p4lPgNLF2EaboSNkrYiNGjifRkhZAPh++6fuOF6gzygx\ngVtLSRZdAg3QmYth0uCAoMel0atcMUBGs1+lWeG+x8Qt17OJyEdtManXL0NmxXxA\nBszgGR7VkOnua1nu8FJE5qDReL4bqaB6fr9lLfItfCSwwKdTl+qe//ZZiKuhlBxp\nxDTbXk3jpiVHymSQ1QpKtEl2aacd9LTq1Pk+F2M5EcYfivsZEkh1OGKMaGx8SXOg\n4LzK3RGLct1JfX/un7Ye1UXKRUs5af2uCI1GmWgehPRaq5Fo+fuglzxW/aWTOwqE\nlx8NaG5hnn5b+QKCAQEA1H/DeIb/k0RBf5pDjRoOa8wFnbyU1IyEhBw+6SgV5e0u\nK4NcvHQngqWXuoHsKgF11bXIymjM6gOc/LcMfwFtztCXSEE/LsIXtnJwc3IOxFzm\n1iDk6/18Gt2Pq+GsoMeo/ff2iBmKXjAmsA5zohJwtSIUnLUFnQ1uxrENL3gWgtxw\nQLhs2fa2tBJbMkHL/llHb/CIlq9dcQWl+9iLJSwYbEQ6rKmN7D1MxqJokSYY8XHw\nIBlBY8jDGSBDzvPXgomoRIBldzVa2bnQXelwTcW3iz0pubWD240WzuWle64Pgb8z\npoSjaaUtTt6EAkBA3JfJi848FJAYL/25Fi8aygO/1QKCAQEAikSPSY+uXjx+OMPh\nZs5Q/zDzkRXxbgoHfbByNWIPUQkGwiNxFOIGhcU00KVNxZxRL0Q1Oppfwbh05F0K\nA5Mr/Z0/wEfSWrgKgOdKJoutBvxOtjNPgxeP/S3M7r9RLcq4hUoUvDr7SwRdIWhI\nHBXx453WKem2KgaWJXFjwrJiVPUmAYZNyJmqdR3uwX1sUQYCT6LcN8MdTgnmk+Uo\n3yE8vX20zBBpLOmlfyqNKr7W9rQ4Fnh5rkHZeld7voxsoOMRvLVNv8MF7iAVCTiv\nzrLf67O2FKN6Ld4Dugspj3FjTBQGV14p0/P6/LdcCuIy47rPTAZ4NFdS76mKsMV3\nEUMrwQKCAQBQIvqJWofJdsUopPlyne/wURmRGcwat/9Ffw1uijJv6lkuCbUQUNGR\noHcu284/LRvOA2b8hjc4zTIHz9RDlTte8iULF6gHLyUYJeIod0wAW3SmLfOG16pU\ny1diH5IldAZT+I4dV1xqFsiQPnL3HPMqK/cP/ehnCOjMv3pUe3op0Y33qlVKgZL3\nJ7ECq/ONMQgSu+gWw31+oP2uk0QuOYngUn66HJssCxYIFrlOe8qOS0SeJkgVpGGG\n+Tb5NdYBIX62jqE1KobfcwaUU/OJMNX+CYvRwBVA191RGyOkF8k7SerlkkG6FpOW\nma2415heWFOmiJj5vDmS56FEL3Fv26gdAoIBAQDLmmVKgUOp9N/bCFuMVKOOIuXa\n3VhtgUYNHzuS8G7n5d0iL4VjZaBdBx4ApnXwM4ATmtmn/4rT0EsfbiNPXybrwmHc\nq3vbcs7C0q+bAGkiaJy3bpqQ6hweR2wVVA8ZRgc/SwurhXQET28urY/MComkqXrl\ntMUKmoO4AUZXB5sYTpnpeEGrEp+xXur7wmjmZBs9Pv+d881rT6fNcVxSX9Xn5I58\nUcl5aKBPuhxC6/+mH0pFylWTMkcI5D4lWol+dJ5wXzKCqhm8QfnxnNUPUDinu9RB\ngZ3N8ebBUkyP2BURwcgTGQF3XYXLc78x5j91fgc43Ip8ZXicVysxRlHOIlCy\n-----END RSA PRIVATE KEY-----\n",
            "version": "71921dc75de64ca0a38121272fe30770",
            "versionless_id": "https://hflk-kv-vmlinuxakv.vault.azure.net/secrets/hflk-vm-CAFvm1-ssh-private-key"
          },
          "sensitive_attributes": [
            [
              {
                "type": "get_attr",
                "value": "value"
              }
            ]
          ],
          "private": "eyJlMmJmYjczMC1lY2FhLTExZTYtOGY4OC0zNDM2M2JjN2M0YzAiOnsiY3JlYXRlIjoxODAwMDAwMDAwMDAwLCJkZWxldGUiOjE4MDAwMDAwMDAwMDAsInJlYWQiOjMwMDAwMDAwMDAwMCwidXBkYXRlIjoxODAwMDAwMDAwMDAwfX0=",
          "dependencies": [
            "module.caf.azurecaf_name.ddos_protection_plan",
            "module.caf.azurecaf_name.public_ip_addresses",
            "module.caf.azurecaf_name.route_tables",
            "module.caf.azurecaf_name.routes",
            "module.caf.azurerm_network_ddos_protection_plan.ddos_protection_plan",
            "module.caf.data.azuread_service_principal.logged_in_app",
            "module.caf.data.azurerm_client_config.current",
            "module.caf.module.application_security_groups.azurecaf_name.asg",
            "module.caf.module.application_security_groups.azurerm_application_security_group.asg",
            "module.caf.module.availability_sets.azurecaf_name.avset",
            "module.caf.module.availability_sets.azurerm_availability_set.avset",
            "module.caf.module.azuread_applications.azuread_application.app",
            "module.caf.module.azuread_applications.azuread_service_principal.app",
            "module.caf.module.azuread_applications.azuread_service_principal_password.pwd",
            "module.caf.module.azuread_applications.azurerm_key_vault_secret.client_id",
            "module.caf.module.azuread_applications.azurerm_key_vault_secret.client_secret",
            "module.caf.module.azuread_applications.azurerm_key_vault_secret.tenant_id",
            "module.caf.module.azuread_applications.null_resource.grant_admin_consent",
            "module.caf.module.azuread_applications.random_password.pwd",
            "module.caf.module.azuread_applications.time_rotating.pwd",
            "module.caf.module.azuread_groups.azuread_group.group",
            "module.caf.module.azurerm_firewall_policies.azurecaf_name.fwpol",
            "module.caf.module.azurerm_firewall_policies.azurerm_firewall_policy.fwpol",
            "module.caf.module.azurerm_firewall_policy_rule_collection_groups.azurecaf_name.application_rule",
            "module.caf.module.azurerm_firewall_policy_rule_collection_groups.azurecaf_name.nat_rule",
            "module.caf.module.azurerm_firewall_policy_rule_collection_groups.azurecaf_name.network_rule",
            "module.caf.module.azurerm_firewall_policy_rule_collection_groups.azurecaf_name.polgroup",
            "module.caf.module.azurerm_firewall_policy_rule_collection_groups.azurerm_firewall_policy_rule_collection_group.polgroup",
            "module.caf.module.azurerm_firewalls.azurecaf_name.fw",
            "module.caf.module.azurerm_firewalls.azurerm_firewall.fw",
            "module.caf.module.azurerm_firewalls.module.diagnostics.azurerm_monitor_diagnostic_setting.diagnostics",
            "module.caf.module.diagnostic_event_hub_namespaces.azurecaf_name.evh",
            "module.caf.module.diagnostic_event_hub_namespaces.azurerm_eventhub_namespace.evh",
            "module.caf.module.diagnostic_event_hub_namespaces.module.event_hub_namespace_auth_rules.azurecaf_name.evh_ns_rule_name",
            "module.caf.module.diagnostic_event_hub_namespaces.module.event_hub_namespace_auth_rules.azurerm_eventhub_namespace_authorization_rule.evh_ns_rule",
            "module.caf.module.diagnostic_event_hub_namespaces.module.event_hubs.azurecaf_name.evhub",
            "module.caf.module.diagnostic_event_hub_namespaces.module.event_hubs.azurerm_eventhub.evhub",
            "module.caf.module.diagnostic_event_hub_namespaces.module.event_hubs.module.authorization_rules.azurecaf_name.evh_rule",
            "module.caf.module.diagnostic_event_hub_namespaces.module.event_hubs.module.authorization_rules.azurerm_eventhub_authorization_rule.evhub_rule",
            "module.caf.module.diagnostic_log_analytics.azurecaf_name.law",
            "module.caf.module.diagnostic_log_analytics.azurerm_log_analytics_solution.solution",
            "module.caf.module.diagnostic_log_analytics.azurerm_log_analytics_workspace.law",
            "module.caf.module.diagnostic_storage_accounts.azurecaf_name.stg",
            "module.caf.module.diagnostic_storage_accounts.azurerm_backup_container_storage_account.container",
            "module.caf.module.diagnostic_storage_accounts.azurerm_storage_account.stg",
            "module.caf.module.diagnostic_storage_accounts.module.container.azurerm_storage_container.stg",
            "module.caf.module.diagnostic_storage_accounts.module.container.module.blob.azurerm_storage_blob.blob",
            "module.caf.module.diagnostic_storage_accounts.module.data_lake_filesystem.azurerm_storage_data_lake_gen2_filesystem.gen2",
            "module.caf.module.diagnostic_storage_accounts.module.private_endpoint.azurecaf_name.pep",
            "module.caf.module.diagnostic_storage_accounts.module.private_endpoint.azurerm_private_endpoint.pep",
            "module.caf.module.dynamic_keyvault_secrets.module.secret.azurerm_key_vault_secret.secret",
            "module.caf.module.dynamic_keyvault_secrets.module.secret_immutable.azurerm_key_vault_secret.secret",
            "module.caf.module.dynamic_keyvault_secrets.module.secret_value.azurerm_key_vault_secret.secret",
            "module.caf.module.ip_groups.azurecaf_name.ip_group",
            "module.caf.module.ip_groups.azurerm_ip_group.ip_group",
            "module.caf.module.keyvault_access_policies.module.azuread_apps.azurerm_key_vault_access_policy.policy",
            "module.caf.module.keyvault_access_policies.module.azuread_group.azurerm_key_vault_access_policy.policy",
            "module.caf.module.keyvault_access_policies.module.diagnostic_storage_accounts.azurerm_key_vault_access_policy.policy",
            "module.caf.module.keyvault_access_policies.module.logged_in_aad_app.azurerm_key_vault_access_policy.policy",
            "module.caf.module.keyvault_access_policies.module.logged_in_user.azurerm_key_vault_access_policy.policy",
            "module.caf.module.keyvault_access_policies.module.managed_identity.azurerm_key_vault_access_policy.policy",
            "module.caf.module.keyvault_access_policies.module.mssql_managed_instance.azurerm_key_vault_access_policy.policy",
            "module.caf.module.keyvault_access_policies.module.mssql_managed_instances_secondary.azurerm_key_vault_access_policy.policy",
            "module.caf.module.keyvault_access_policies.module.object_id.azurerm_key_vault_access_policy.policy",
            "module.caf.module.keyvault_access_policies.module.storage_accounts.azurerm_key_vault_access_policy.policy",
            "module.caf.module.keyvault_access_policies_azuread_apps.module.azuread_apps.azurerm_key_vault_access_policy.policy",
            "module.caf.module.keyvault_access_policies_azuread_apps.module.azuread_group.azurerm_key_vault_access_policy.policy",
            "module.caf.module.keyvault_access_policies_azuread_apps.module.diagnostic_storage_accounts.azurerm_key_vault_access_policy.policy",
            "module.caf.module.keyvault_access_policies_azuread_apps.module.logged_in_aad_app.azurerm_key_vault_access_policy.policy",
            "module.caf.module.keyvault_access_policies_azuread_apps.module.logged_in_user.azurerm_key_vault_access_policy.policy",
            "module.caf.module.keyvault_access_policies_azuread_apps.module.managed_identity.azurerm_key_vault_access_policy.policy",
            "module.caf.module.keyvault_access_policies_azuread_apps.module.mssql_managed_instance.azurerm_key_vault_access_policy.policy",
            "module.caf.module.keyvault_access_policies_azuread_apps.module.mssql_managed_instances_secondary.azurerm_key_vault_access_policy.policy",
            "module.caf.module.keyvault_access_policies_azuread_apps.module.object_id.azurerm_key_vault_access_policy.policy",
            "module.caf.module.keyvault_access_policies_azuread_apps.module.storage_accounts.azurerm_key_vault_access_policy.policy",
            "module.caf.module.keyvaults.azurecaf_name.keyvault",
            "module.caf.module.keyvaults.azurerm_key_vault.keyvault",
            "module.caf.module.keyvaults.azurerm_key_vault_secret.secret",
            "module.caf.module.keyvaults.azurerm_key_vault_secret.secret_ignore_changes",
            "module.caf.module.keyvaults.module.diagnostics.azurerm_monitor_diagnostic_setting.diagnostics",
            "module.caf.module.keyvaults.module.initial_policy.module.azuread_apps.azurerm_key_vault_access_policy.policy",
            "module.caf.module.keyvaults.module.initial_policy.module.azuread_group.azurerm_key_vault_access_policy.policy",
            "module.caf.module.keyvaults.module.initial_policy.module.diagnostic_storage_accounts.azurerm_key_vault_access_policy.policy",
            "module.caf.module.keyvaults.module.initial_policy.module.logged_in_aad_app.azurerm_key_vault_access_policy.policy",
            "module.caf.module.keyvaults.module.initial_policy.module.logged_in_user.azurerm_key_vault_access_policy.policy",
            "module.caf.module.keyvaults.module.initial_policy.module.managed_identity.azurerm_key_vault_access_policy.policy",
            "module.caf.module.keyvaults.module.initial_policy.module.mssql_managed_instance.azurerm_key_vault_access_policy.policy",
            "module.caf.module.keyvaults.module.initial_policy.module.mssql_managed_instances_secondary.azurerm_key_vault_access_policy.policy",
            "module.caf.module.keyvaults.module.initial_policy.module.object_id.azurerm_key_vault_access_policy.policy",
            "module.caf.module.keyvaults.module.initial_policy.module.storage_accounts.azurerm_key_vault_access_policy.policy",
            "module.caf.module.keyvaults.module.private_endpoint.azurecaf_name.pep",
            "module.caf.module.keyvaults.module.private_endpoint.azurerm_private_endpoint.pep",
            "module.caf.module.managed_identities.azurecaf_name.msi",
            "module.caf.module.managed_identities.azurerm_user_assigned_identity.msi",
            "module.caf.module.mssql_managed_instances.azurecaf_name.mssqlmi",
            "module.caf.module.mssql_managed_instances.azurerm_template_deployment.mssqlmi",
            "module.caf.module.mssql_managed_instances.null_resource.destroy_sqlmi",
            "module.caf.module.mssql_managed_instances_secondary.azurecaf_name.mssqlmi",
            "module.caf.module.mssql_managed_instances_secondary.azurerm_template_deployment.mssqlmi",
            "module.caf.module.mssql_managed_instances_secondary.null_resource.destroy_sqlmi",
            "module.caf.module.network_security_groups.azurecaf_name.nsg",
            "module.caf.module.network_security_groups.azurerm_network_security_group.nsg",
            "module.caf.module.network_security_groups.module.diagnostics.azurerm_monitor_diagnostic_setting.diagnostics",
            "module.caf.module.network_security_groups.module.nsg_flows.azurerm_network_watcher_flow_log.flow",
            "module.caf.module.network_watchers.azurecaf_name.netwatcher",
            "module.caf.module.network_watchers.azurerm_network_watcher.netwatcher",
            "module.caf.module.networking.azurecaf_name.caf_name_vnet",
            "module.caf.module.networking.azurerm_subnet_network_security_group_association.nsg_vnet_association",
            "module.caf.module.networking.azurerm_subnet_network_security_group_association.nsg_vnet_association_version",
            "module.caf.module.networking.azurerm_subnet_route_table_association.rt",
            "module.caf.module.networking.azurerm_virtual_network.vnet",
            "module.caf.module.networking.module.diagnostics.azurerm_monitor_diagnostic_setting.diagnostics",
            "module.caf.module.networking.module.nsg.azurecaf_name.nsg_obj",
            "module.caf.module.networking.module.nsg.azurerm_network_security_group.nsg_obj",
            "module.caf.module.networking.module.nsg.module.diagnostics.azurerm_monitor_diagnostic_setting.diagnostics",
            "module.caf.module.networking.module.nsg.module.nsg_flows.azurerm_network_watcher_flow_log.flow",
            "module.caf.module.networking.module.special_subnets.azurecaf_name.subnet",
            "module.caf.module.networking.module.special_subnets.azurerm_subnet.subnet",
            "module.caf.module.networking.module.subnets.azurecaf_name.subnet",
            "module.caf.module.networking.module.subnets.azurerm_subnet.subnet",
            "module.caf.module.private_dns.azurecaf_name.pnetlk",
            "module.caf.module.private_dns.azurerm_private_dns_a_record.a_records",
            "module.caf.module.private_dns.azurerm_private_dns_aaaa_record.aaaa_records",
            "module.caf.module.private_dns.azurerm_private_dns_cname_record.cname_records",
            "module.caf.module.private_dns.azurerm_private_dns_mx_record.mx_records",
            "module.caf.module.private_dns.azurerm_private_dns_ptr_record.ptr_records",
            "module.caf.module.private_dns.azurerm_private_dns_srv_record.srv_records",
            "module.caf.module.private_dns.azurerm_private_dns_txt_record.txt_records",
            "module.caf.module.private_dns.azurerm_private_dns_zone.private_dns",
            "module.caf.module.private_dns.azurerm_private_dns_zone_virtual_network_link.vnet_links",
            "module.caf.module.proximity_placement_groups.azurecaf_name.ppg",
            "module.caf.module.proximity_placement_groups.azurerm_proximity_placement_group.ppg",
            "module.caf.module.public_ip_addresses.azurerm_public_ip.pip",
            "module.caf.module.public_ip_addresses.module.diagnostics.azurerm_monitor_diagnostic_setting.diagnostics",
            "module.caf.module.recovery_vaults.azurecaf_name.asr_rg_vault",
            "module.caf.module.recovery_vaults.azurerm_backup_policy_file_share.fs",
            "module.caf.module.recovery_vaults.azurerm_backup_policy_vm.vm",
            "module.caf.module.recovery_vaults.azurerm_recovery_services_vault.asr",
            "module.caf.module.recovery_vaults.azurerm_site_recovery_fabric.recovery_fabric",
            "module.caf.module.recovery_vaults.azurerm_site_recovery_protection_container.protection_container",
            "module.caf.module.recovery_vaults.azurerm_site_recovery_protection_container_mapping.container-mapping",
            "module.caf.module.recovery_vaults.azurerm_site_recovery_replication_policy.policy",
            "module.caf.module.recovery_vaults.module.diagnostics.azurerm_monitor_diagnostic_setting.diagnostics",
            "module.caf.module.recovery_vaults.module.private_endpoint.azurecaf_name.pep",
            "module.caf.module.recovery_vaults.module.private_endpoint.azurerm_private_endpoint.pep",
            "module.caf.module.recovery_vaults.time_sleep.delay_create",
            "module.caf.module.resource_group_reused.data.azurerm_resource_group.rg",
            "module.caf.module.resource_groups.azurecaf_name.rg",
            "module.caf.module.resource_groups.azurerm_resource_group.rg",
            "module.caf.module.route_tables.azurerm_route_table.rt",
            "module.caf.module.routes.azurerm_route.route",
            "module.caf.module.storage_accounts.azurecaf_name.stg",
            "module.caf.module.storage_accounts.azurerm_backup_container_storage_account.container",
            "module.caf.module.storage_accounts.azurerm_storage_account.stg",
            "module.caf.module.storage_accounts.module.container.azurerm_storage_container.stg",
            "module.caf.module.storage_accounts.module.container.module.blob.azurerm_storage_blob.blob",
            "module.caf.module.storage_accounts.module.data_lake_filesystem.azurerm_storage_data_lake_gen2_filesystem.gen2",
            "module.caf.module.storage_accounts.module.private_endpoint.azurecaf_name.pep",
            "module.caf.module.storage_accounts.module.private_endpoint.azurerm_private_endpoint.pep",
            "module.caf.module.virtual_machines.azurecaf_name.linux_computer_name",
            "module.caf.module.virtual_machines.azurecaf_name.nic",
            "module.caf.module.virtual_machines.azurerm_network_interface.nic",
            "module.caf.module.virtual_machines.azurerm_network_interface_security_group_association.nic_nsg",
            "module.caf.module.virtual_machines.tls_private_key.ssh",
            "module.caf.module.virtual_wans.azurecaf_name.vwan",
            "module.caf.module.virtual_wans.azurerm_virtual_wan.vwan",
            "module.caf.module.virtual_wans.module.hubs.azurecaf_name.bgp_con",
            "module.caf.module.virtual_wans.module.hubs.azurecaf_name.er_gateway",
            "module.caf.module.virtual_wans.module.hubs.azurecaf_name.hub_ip",
            "module.caf.module.virtual_wans.module.hubs.azurecaf_name.p2s_gateway",
            "module.caf.module.virtual_wans.module.hubs.azurecaf_name.s2s_gateway",
            "module.caf.module.virtual_wans.module.hubs.azurecaf_name.spp",
            "module.caf.module.virtual_wans.module.hubs.azurecaf_name.virtualhub_fw",
            "module.caf.module.virtual_wans.module.hubs.azurecaf_name.vwan_hub",
            "module.caf.module.virtual_wans.module.hubs.azurerm_express_route_gateway.er_gateway",
            "module.caf.module.virtual_wans.module.hubs.azurerm_point_to_site_vpn_gateway.p2s_gateway",
            "module.caf.module.virtual_wans.module.hubs.azurerm_template_deployment.arm_template_vhub_firewall",
            "module.caf.module.virtual_wans.module.hubs.azurerm_virtual_hub.vwan_hub",
            "module.caf.module.virtual_wans.module.hubs.azurerm_virtual_hub_bgp_connection.bgp_con",
            "module.caf.module.virtual_wans.module.hubs.azurerm_virtual_hub_ip.hub_ip",
            "module.caf.module.virtual_wans.module.hubs.azurerm_virtual_hub_security_partner_provider.spp",
            "module.caf.module.virtual_wans.module.hubs.azurerm_vpn_gateway.s2s_gateway",
            "module.caf.module.virtual_wans.module.hubs.azurerm_vpn_server_configuration.p2s_configuration",
            "module.caf.module.virtual_wans.module.hubs.data.azurerm_subscription.current",
            "module.caf.module.virtual_wans.module.hubs.null_resource.arm_template_vhub_firewall",
            "module.caf.random_string.prefix"
          ]
        }
      ]
    },
    {
      "module": "module.caf.module.virtual_machines[\"example_vm1\"]",
      "mode": "managed",
      "type": "azurerm_key_vault_secret",
      "name": "ssh_public_key_openssh",
      "provider": "module.caf.provider[\"registry.terraform.io/hashicorp/azurerm\"]",
      "instances": [
        {
          "index_key": "linux",
          "schema_version": 0,
          "attributes": {
            "content_type": "",
            "expiration_date": null,
            "id": "https://hflk-kv-vmlinuxakv.vault.azure.net/secrets/hflk-vm-CAFvm1-ssh-public-key-openssh/1b14044cd6e4420296dc25d6066543a4",
            "key_vault_id": "/subscriptions/14692f20-9428-451b-8298-102ed4e39c2a/resourceGroups/hflk-rg-example-virtual-machine-rg1/providers/Microsoft.KeyVault/vaults/hflk-kv-vmlinuxakv",
            "name": "hflk-vm-CAFvm1-ssh-public-key-openssh",
            "not_before_date": null,
            "tags": {},
            "timeouts": null,
            "value": "ssh-rsa AAAAB3NzaC1yc2EAAAADAQABAAACAQDDMLNzqcXb7f0NjxihIZJ22F5V04eGBhYTEY94HoQnjeVTmx6Uu/wsy78hg818R90gauFxQWad6giI3z3KJpmLguanz/XqJB0LIpx3XWnTcHn3+3Kr1c1Suc+ArZ1KWXujxcjzdHE3lubkL9fTkEO9sZEtTQuzDQMvwryR4271GJCamRwVqNIi1n77USt52A6Ssx1M91t2yPjEI6jGVjV8Uz5uw2J3aq/uKHaPK2O3ZacGAK/2ydW57R3b2w3GJKpMcyAdRhnG2hrRGwHgtqYy3kecCqTvHarh/UNzbFNmPXms37UWWB/t54qNKCv+NPpbY0SIcHOmtcOOXdrTJD3utUCOj3T0I88PVWPfFTiWerXRHEYiEjMZuw4ZXWaIZ9AmHqQZAbil9Xc/2MCahvnDBaiTJBZSJ2TZ6nFMegkO1CL+vfvaWNeWX9Sn4K4XxlES6r8i7ifrZiVcZXl56s2GzMDeLvGNqdHcz/YgoMaMJ2GSG4PkjdSNpqhU1GMa45lR8qYSC3OobR1DiBy9b6wcKeGmB5mj0vAAujyBJcAzDg68FOsL1ckPRb72UrJlHoCvCrg7nRQHW8OuhJd3spvM/sb9LfdkAqxYMuszrrCRfRdQ89ccZmIbZOLGMywClULuyieHtCkHHrc1989D2wcxnb50vAjrJJSIkUrQs6xNLQ==\n",
            "version": "1b14044cd6e4420296dc25d6066543a4",
            "versionless_id": "https://hflk-kv-vmlinuxakv.vault.azure.net/secrets/hflk-vm-CAFvm1-ssh-public-key-openssh"
          },
          "sensitive_attributes": [],
          "private": "eyJlMmJmYjczMC1lY2FhLTExZTYtOGY4OC0zNDM2M2JjN2M0YzAiOnsiY3JlYXRlIjoxODAwMDAwMDAwMDAwLCJkZWxldGUiOjE4MDAwMDAwMDAwMDAsInJlYWQiOjMwMDAwMDAwMDAwMCwidXBkYXRlIjoxODAwMDAwMDAwMDAwfX0=",
          "dependencies": [
            "module.caf.azurecaf_name.ddos_protection_plan",
            "module.caf.azurecaf_name.public_ip_addresses",
            "module.caf.azurecaf_name.route_tables",
            "module.caf.azurecaf_name.routes",
            "module.caf.azurerm_network_ddos_protection_plan.ddos_protection_plan",
            "module.caf.data.azuread_service_principal.logged_in_app",
            "module.caf.data.azurerm_client_config.current",
            "module.caf.module.application_security_groups.azurecaf_name.asg",
            "module.caf.module.application_security_groups.azurerm_application_security_group.asg",
            "module.caf.module.availability_sets.azurecaf_name.avset",
            "module.caf.module.availability_sets.azurerm_availability_set.avset",
            "module.caf.module.azuread_applications.azuread_application.app",
            "module.caf.module.azuread_applications.azuread_service_principal.app",
            "module.caf.module.azuread_applications.azuread_service_principal_password.pwd",
            "module.caf.module.azuread_applications.azurerm_key_vault_secret.client_id",
            "module.caf.module.azuread_applications.azurerm_key_vault_secret.client_secret",
            "module.caf.module.azuread_applications.azurerm_key_vault_secret.tenant_id",
            "module.caf.module.azuread_applications.null_resource.grant_admin_consent",
            "module.caf.module.azuread_applications.random_password.pwd",
            "module.caf.module.azuread_applications.time_rotating.pwd",
            "module.caf.module.azuread_groups.azuread_group.group",
            "module.caf.module.azurerm_firewall_policies.azurecaf_name.fwpol",
            "module.caf.module.azurerm_firewall_policies.azurerm_firewall_policy.fwpol",
            "module.caf.module.azurerm_firewall_policy_rule_collection_groups.azurecaf_name.application_rule",
            "module.caf.module.azurerm_firewall_policy_rule_collection_groups.azurecaf_name.nat_rule",
            "module.caf.module.azurerm_firewall_policy_rule_collection_groups.azurecaf_name.network_rule",
            "module.caf.module.azurerm_firewall_policy_rule_collection_groups.azurecaf_name.polgroup",
            "module.caf.module.azurerm_firewall_policy_rule_collection_groups.azurerm_firewall_policy_rule_collection_group.polgroup",
            "module.caf.module.azurerm_firewalls.azurecaf_name.fw",
            "module.caf.module.azurerm_firewalls.azurerm_firewall.fw",
            "module.caf.module.azurerm_firewalls.module.diagnostics.azurerm_monitor_diagnostic_setting.diagnostics",
            "module.caf.module.diagnostic_event_hub_namespaces.azurecaf_name.evh",
            "module.caf.module.diagnostic_event_hub_namespaces.azurerm_eventhub_namespace.evh",
            "module.caf.module.diagnostic_event_hub_namespaces.module.event_hub_namespace_auth_rules.azurecaf_name.evh_ns_rule_name",
            "module.caf.module.diagnostic_event_hub_namespaces.module.event_hub_namespace_auth_rules.azurerm_eventhub_namespace_authorization_rule.evh_ns_rule",
            "module.caf.module.diagnostic_event_hub_namespaces.module.event_hubs.azurecaf_name.evhub",
            "module.caf.module.diagnostic_event_hub_namespaces.module.event_hubs.azurerm_eventhub.evhub",
            "module.caf.module.diagnostic_event_hub_namespaces.module.event_hubs.module.authorization_rules.azurecaf_name.evh_rule",
            "module.caf.module.diagnostic_event_hub_namespaces.module.event_hubs.module.authorization_rules.azurerm_eventhub_authorization_rule.evhub_rule",
            "module.caf.module.diagnostic_log_analytics.azurecaf_name.law",
            "module.caf.module.diagnostic_log_analytics.azurerm_log_analytics_solution.solution",
            "module.caf.module.diagnostic_log_analytics.azurerm_log_analytics_workspace.law",
            "module.caf.module.diagnostic_storage_accounts.azurecaf_name.stg",
            "module.caf.module.diagnostic_storage_accounts.azurerm_backup_container_storage_account.container",
            "module.caf.module.diagnostic_storage_accounts.azurerm_storage_account.stg",
            "module.caf.module.diagnostic_storage_accounts.module.container.azurerm_storage_container.stg",
            "module.caf.module.diagnostic_storage_accounts.module.container.module.blob.azurerm_storage_blob.blob",
            "module.caf.module.diagnostic_storage_accounts.module.data_lake_filesystem.azurerm_storage_data_lake_gen2_filesystem.gen2",
            "module.caf.module.diagnostic_storage_accounts.module.private_endpoint.azurecaf_name.pep",
            "module.caf.module.diagnostic_storage_accounts.module.private_endpoint.azurerm_private_endpoint.pep",
            "module.caf.module.dynamic_keyvault_secrets.module.secret.azurerm_key_vault_secret.secret",
            "module.caf.module.dynamic_keyvault_secrets.module.secret_immutable.azurerm_key_vault_secret.secret",
            "module.caf.module.dynamic_keyvault_secrets.module.secret_value.azurerm_key_vault_secret.secret",
            "module.caf.module.ip_groups.azurecaf_name.ip_group",
            "module.caf.module.ip_groups.azurerm_ip_group.ip_group",
            "module.caf.module.keyvault_access_policies.module.azuread_apps.azurerm_key_vault_access_policy.policy",
            "module.caf.module.keyvault_access_policies.module.azuread_group.azurerm_key_vault_access_policy.policy",
            "module.caf.module.keyvault_access_policies.module.diagnostic_storage_accounts.azurerm_key_vault_access_policy.policy",
            "module.caf.module.keyvault_access_policies.module.logged_in_aad_app.azurerm_key_vault_access_policy.policy",
            "module.caf.module.keyvault_access_policies.module.logged_in_user.azurerm_key_vault_access_policy.policy",
            "module.caf.module.keyvault_access_policies.module.managed_identity.azurerm_key_vault_access_policy.policy",
            "module.caf.module.keyvault_access_policies.module.mssql_managed_instance.azurerm_key_vault_access_policy.policy",
            "module.caf.module.keyvault_access_policies.module.mssql_managed_instances_secondary.azurerm_key_vault_access_policy.policy",
            "module.caf.module.keyvault_access_policies.module.object_id.azurerm_key_vault_access_policy.policy",
            "module.caf.module.keyvault_access_policies.module.storage_accounts.azurerm_key_vault_access_policy.policy",
            "module.caf.module.keyvault_access_policies_azuread_apps.module.azuread_apps.azurerm_key_vault_access_policy.policy",
            "module.caf.module.keyvault_access_policies_azuread_apps.module.azuread_group.azurerm_key_vault_access_policy.policy",
            "module.caf.module.keyvault_access_policies_azuread_apps.module.diagnostic_storage_accounts.azurerm_key_vault_access_policy.policy",
            "module.caf.module.keyvault_access_policies_azuread_apps.module.logged_in_aad_app.azurerm_key_vault_access_policy.policy",
            "module.caf.module.keyvault_access_policies_azuread_apps.module.logged_in_user.azurerm_key_vault_access_policy.policy",
            "module.caf.module.keyvault_access_policies_azuread_apps.module.managed_identity.azurerm_key_vault_access_policy.policy",
            "module.caf.module.keyvault_access_policies_azuread_apps.module.mssql_managed_instance.azurerm_key_vault_access_policy.policy",
            "module.caf.module.keyvault_access_policies_azuread_apps.module.mssql_managed_instances_secondary.azurerm_key_vault_access_policy.policy",
            "module.caf.module.keyvault_access_policies_azuread_apps.module.object_id.azurerm_key_vault_access_policy.policy",
            "module.caf.module.keyvault_access_policies_azuread_apps.module.storage_accounts.azurerm_key_vault_access_policy.policy",
            "module.caf.module.keyvaults.azurecaf_name.keyvault",
            "module.caf.module.keyvaults.azurerm_key_vault.keyvault",
            "module.caf.module.keyvaults.azurerm_key_vault_secret.secret",
            "module.caf.module.keyvaults.azurerm_key_vault_secret.secret_ignore_changes",
            "module.caf.module.keyvaults.module.diagnostics.azurerm_monitor_diagnostic_setting.diagnostics",
            "module.caf.module.keyvaults.module.initial_policy.module.azuread_apps.azurerm_key_vault_access_policy.policy",
            "module.caf.module.keyvaults.module.initial_policy.module.azuread_group.azurerm_key_vault_access_policy.policy",
            "module.caf.module.keyvaults.module.initial_policy.module.diagnostic_storage_accounts.azurerm_key_vault_access_policy.policy",
            "module.caf.module.keyvaults.module.initial_policy.module.logged_in_aad_app.azurerm_key_vault_access_policy.policy",
            "module.caf.module.keyvaults.module.initial_policy.module.logged_in_user.azurerm_key_vault_access_policy.policy",
            "module.caf.module.keyvaults.module.initial_policy.module.managed_identity.azurerm_key_vault_access_policy.policy",
            "module.caf.module.keyvaults.module.initial_policy.module.mssql_managed_instance.azurerm_key_vault_access_policy.policy",
            "module.caf.module.keyvaults.module.initial_policy.module.mssql_managed_instances_secondary.azurerm_key_vault_access_policy.policy",
            "module.caf.module.keyvaults.module.initial_policy.module.object_id.azurerm_key_vault_access_policy.policy",
            "module.caf.module.keyvaults.module.initial_policy.module.storage_accounts.azurerm_key_vault_access_policy.policy",
            "module.caf.module.keyvaults.module.private_endpoint.azurecaf_name.pep",
            "module.caf.module.keyvaults.module.private_endpoint.azurerm_private_endpoint.pep",
            "module.caf.module.managed_identities.azurecaf_name.msi",
            "module.caf.module.managed_identities.azurerm_user_assigned_identity.msi",
            "module.caf.module.mssql_managed_instances.azurecaf_name.mssqlmi",
            "module.caf.module.mssql_managed_instances.azurerm_template_deployment.mssqlmi",
            "module.caf.module.mssql_managed_instances.null_resource.destroy_sqlmi",
            "module.caf.module.mssql_managed_instances_secondary.azurecaf_name.mssqlmi",
            "module.caf.module.mssql_managed_instances_secondary.azurerm_template_deployment.mssqlmi",
            "module.caf.module.mssql_managed_instances_secondary.null_resource.destroy_sqlmi",
            "module.caf.module.network_security_groups.azurecaf_name.nsg",
            "module.caf.module.network_security_groups.azurerm_network_security_group.nsg",
            "module.caf.module.network_security_groups.module.diagnostics.azurerm_monitor_diagnostic_setting.diagnostics",
            "module.caf.module.network_security_groups.module.nsg_flows.azurerm_network_watcher_flow_log.flow",
            "module.caf.module.network_watchers.azurecaf_name.netwatcher",
            "module.caf.module.network_watchers.azurerm_network_watcher.netwatcher",
            "module.caf.module.networking.azurecaf_name.caf_name_vnet",
            "module.caf.module.networking.azurerm_subnet_network_security_group_association.nsg_vnet_association",
            "module.caf.module.networking.azurerm_subnet_network_security_group_association.nsg_vnet_association_version",
            "module.caf.module.networking.azurerm_subnet_route_table_association.rt",
            "module.caf.module.networking.azurerm_virtual_network.vnet",
            "module.caf.module.networking.module.diagnostics.azurerm_monitor_diagnostic_setting.diagnostics",
            "module.caf.module.networking.module.nsg.azurecaf_name.nsg_obj",
            "module.caf.module.networking.module.nsg.azurerm_network_security_group.nsg_obj",
            "module.caf.module.networking.module.nsg.module.diagnostics.azurerm_monitor_diagnostic_setting.diagnostics",
            "module.caf.module.networking.module.nsg.module.nsg_flows.azurerm_network_watcher_flow_log.flow",
            "module.caf.module.networking.module.special_subnets.azurecaf_name.subnet",
            "module.caf.module.networking.module.special_subnets.azurerm_subnet.subnet",
            "module.caf.module.networking.module.subnets.azurecaf_name.subnet",
            "module.caf.module.networking.module.subnets.azurerm_subnet.subnet",
            "module.caf.module.private_dns.azurecaf_name.pnetlk",
            "module.caf.module.private_dns.azurerm_private_dns_a_record.a_records",
            "module.caf.module.private_dns.azurerm_private_dns_aaaa_record.aaaa_records",
            "module.caf.module.private_dns.azurerm_private_dns_cname_record.cname_records",
            "module.caf.module.private_dns.azurerm_private_dns_mx_record.mx_records",
            "module.caf.module.private_dns.azurerm_private_dns_ptr_record.ptr_records",
            "module.caf.module.private_dns.azurerm_private_dns_srv_record.srv_records",
            "module.caf.module.private_dns.azurerm_private_dns_txt_record.txt_records",
            "module.caf.module.private_dns.azurerm_private_dns_zone.private_dns",
            "module.caf.module.private_dns.azurerm_private_dns_zone_virtual_network_link.vnet_links",
            "module.caf.module.proximity_placement_groups.azurecaf_name.ppg",
            "module.caf.module.proximity_placement_groups.azurerm_proximity_placement_group.ppg",
            "module.caf.module.public_ip_addresses.azurerm_public_ip.pip",
            "module.caf.module.public_ip_addresses.module.diagnostics.azurerm_monitor_diagnostic_setting.diagnostics",
            "module.caf.module.recovery_vaults.azurecaf_name.asr_rg_vault",
            "module.caf.module.recovery_vaults.azurerm_backup_policy_file_share.fs",
            "module.caf.module.recovery_vaults.azurerm_backup_policy_vm.vm",
            "module.caf.module.recovery_vaults.azurerm_recovery_services_vault.asr",
            "module.caf.module.recovery_vaults.azurerm_site_recovery_fabric.recovery_fabric",
            "module.caf.module.recovery_vaults.azurerm_site_recovery_protection_container.protection_container",
            "module.caf.module.recovery_vaults.azurerm_site_recovery_protection_container_mapping.container-mapping",
            "module.caf.module.recovery_vaults.azurerm_site_recovery_replication_policy.policy",
            "module.caf.module.recovery_vaults.module.diagnostics.azurerm_monitor_diagnostic_setting.diagnostics",
            "module.caf.module.recovery_vaults.module.private_endpoint.azurecaf_name.pep",
            "module.caf.module.recovery_vaults.module.private_endpoint.azurerm_private_endpoint.pep",
            "module.caf.module.recovery_vaults.time_sleep.delay_create",
            "module.caf.module.resource_group_reused.data.azurerm_resource_group.rg",
            "module.caf.module.resource_groups.azurecaf_name.rg",
            "module.caf.module.resource_groups.azurerm_resource_group.rg",
            "module.caf.module.route_tables.azurerm_route_table.rt",
            "module.caf.module.routes.azurerm_route.route",
            "module.caf.module.storage_accounts.azurecaf_name.stg",
            "module.caf.module.storage_accounts.azurerm_backup_container_storage_account.container",
            "module.caf.module.storage_accounts.azurerm_storage_account.stg",
            "module.caf.module.storage_accounts.module.container.azurerm_storage_container.stg",
            "module.caf.module.storage_accounts.module.container.module.blob.azurerm_storage_blob.blob",
            "module.caf.module.storage_accounts.module.data_lake_filesystem.azurerm_storage_data_lake_gen2_filesystem.gen2",
            "module.caf.module.storage_accounts.module.private_endpoint.azurecaf_name.pep",
            "module.caf.module.storage_accounts.module.private_endpoint.azurerm_private_endpoint.pep",
            "module.caf.module.virtual_machines.azurecaf_name.linux_computer_name",
            "module.caf.module.virtual_machines.azurecaf_name.nic",
            "module.caf.module.virtual_machines.azurerm_network_interface.nic",
            "module.caf.module.virtual_machines.azurerm_network_interface_security_group_association.nic_nsg",
            "module.caf.module.virtual_machines.tls_private_key.ssh",
            "module.caf.module.virtual_wans.azurecaf_name.vwan",
            "module.caf.module.virtual_wans.azurerm_virtual_wan.vwan",
            "module.caf.module.virtual_wans.module.hubs.azurecaf_name.bgp_con",
            "module.caf.module.virtual_wans.module.hubs.azurecaf_name.er_gateway",
            "module.caf.module.virtual_wans.module.hubs.azurecaf_name.hub_ip",
            "module.caf.module.virtual_wans.module.hubs.azurecaf_name.p2s_gateway",
            "module.caf.module.virtual_wans.module.hubs.azurecaf_name.s2s_gateway",
            "module.caf.module.virtual_wans.module.hubs.azurecaf_name.spp",
            "module.caf.module.virtual_wans.module.hubs.azurecaf_name.virtualhub_fw",
            "module.caf.module.virtual_wans.module.hubs.azurecaf_name.vwan_hub",
            "module.caf.module.virtual_wans.module.hubs.azurerm_express_route_gateway.er_gateway",
            "module.caf.module.virtual_wans.module.hubs.azurerm_point_to_site_vpn_gateway.p2s_gateway",
            "module.caf.module.virtual_wans.module.hubs.azurerm_template_deployment.arm_template_vhub_firewall",
            "module.caf.module.virtual_wans.module.hubs.azurerm_virtual_hub.vwan_hub",
            "module.caf.module.virtual_wans.module.hubs.azurerm_virtual_hub_bgp_connection.bgp_con",
            "module.caf.module.virtual_wans.module.hubs.azurerm_virtual_hub_ip.hub_ip",
            "module.caf.module.virtual_wans.module.hubs.azurerm_virtual_hub_security_partner_provider.spp",
            "module.caf.module.virtual_wans.module.hubs.azurerm_vpn_gateway.s2s_gateway",
            "module.caf.module.virtual_wans.module.hubs.azurerm_vpn_server_configuration.p2s_configuration",
            "module.caf.module.virtual_wans.module.hubs.data.azurerm_subscription.current",
            "module.caf.module.virtual_wans.module.hubs.null_resource.arm_template_vhub_firewall",
            "module.caf.random_string.prefix"
          ]
        }
      ]
    },
    {
      "module": "module.caf.module.virtual_machines[\"example_vm1\"]",
      "mode": "managed",
      "type": "azurerm_network_interface",
      "name": "nic",
      "provider": "module.caf.provider[\"registry.terraform.io/hashicorp/azurerm\"]",
      "instances": [
        {
          "index_key": "nic0",
          "schema_version": 0,
          "attributes": {
            "applied_dns_servers": [],
            "dns_servers": [],
            "enable_accelerated_networking": false,
            "enable_ip_forwarding": false,
            "id": "/subscriptions/14692f20-9428-451b-8298-102ed4e39c2a/resourceGroups/hflk-rg-example-virtual-machine-rg1/providers/Microsoft.Network/networkInterfaces/hflk-nic-0",
            "internal_dns_name_label": "nic0",
            "internal_domain_name_suffix": "w0y023sztbyefcjyag2fdqmfhb.px.internal.cloudapp.net",
            "ip_configuration": [
              {
                "name": "hflk-nic-0",
                "primary": true,
                "private_ip_address": "10.100.100.4",
                "private_ip_address_allocation": "Dynamic",
                "private_ip_address_version": "IPv4",
                "public_ip_address_id": "/subscriptions/14692f20-9428-451b-8298-102ed4e39c2a/resourceGroups/hflk-rg-example-virtual-machine-rg1/providers/Microsoft.Network/publicIPAddresses/hflk-pip-example_vm_pip1",
                "subnet_id": "/subscriptions/14692f20-9428-451b-8298-102ed4e39c2a/resourceGroups/hflk-rg-example-virtual-machine-rg1/providers/Microsoft.Network/virtualNetworks/hflk-vnet-virtual_machines/subnets/hflk-snet-examples"
              }
            ],
            "location": "australiaeast",
            "mac_address": "00-22-48-10-16-46",
            "name": "hflk-nic-0",
            "private_ip_address": "10.100.100.4",
            "private_ip_addresses": [
              "10.100.100.4"
            ],
            "resource_group_name": "hflk-rg-example-virtual-machine-rg1",
            "tags": {
              "module": "virtual_machine"
            },
            "timeouts": null,
            "virtual_machine_id": "/subscriptions/14692f20-9428-451b-8298-102ed4e39c2a/resourceGroups/hflk-rg-example-virtual-machine-rg1/providers/Microsoft.Compute/virtualMachines/hflk-vm-CAFvm1"
          },
          "sensitive_attributes": [],
          "private": "eyJlMmJmYjczMC1lY2FhLTExZTYtOGY4OC0zNDM2M2JjN2M0YzAiOnsiY3JlYXRlIjoxODAwMDAwMDAwMDAwLCJkZWxldGUiOjE4MDAwMDAwMDAwMDAsInJlYWQiOjMwMDAwMDAwMDAwMCwidXBkYXRlIjoxODAwMDAwMDAwMDAwfX0=",
          "dependencies": [
            "module.caf.azurecaf_name.ddos_protection_plan",
            "module.caf.azurecaf_name.public_ip_addresses",
            "module.caf.azurecaf_name.route_tables",
            "module.caf.azurecaf_name.routes",
            "module.caf.azurerm_network_ddos_protection_plan.ddos_protection_plan",
            "module.caf.data.azuread_service_principal.logged_in_app",
            "module.caf.data.azurerm_client_config.current",
            "module.caf.module.application_security_groups.azurecaf_name.asg",
            "module.caf.module.application_security_groups.azurerm_application_security_group.asg",
            "module.caf.module.availability_sets.azurecaf_name.avset",
            "module.caf.module.availability_sets.azurerm_availability_set.avset",
            "module.caf.module.azuread_applications.azuread_application.app",
            "module.caf.module.azuread_applications.azuread_service_principal.app",
            "module.caf.module.azuread_applications.azuread_service_principal_password.pwd",
            "module.caf.module.azuread_applications.azurerm_key_vault_secret.client_id",
            "module.caf.module.azuread_applications.azurerm_key_vault_secret.client_secret",
            "module.caf.module.azuread_applications.azurerm_key_vault_secret.tenant_id",
            "module.caf.module.azuread_applications.null_resource.grant_admin_consent",
            "module.caf.module.azuread_applications.random_password.pwd",
            "module.caf.module.azuread_applications.time_rotating.pwd",
            "module.caf.module.azuread_groups.azuread_group.group",
            "module.caf.module.azurerm_firewall_policies.azurecaf_name.fwpol",
            "module.caf.module.azurerm_firewall_policies.azurerm_firewall_policy.fwpol",
            "module.caf.module.azurerm_firewall_policy_rule_collection_groups.azurecaf_name.application_rule",
            "module.caf.module.azurerm_firewall_policy_rule_collection_groups.azurecaf_name.nat_rule",
            "module.caf.module.azurerm_firewall_policy_rule_collection_groups.azurecaf_name.network_rule",
            "module.caf.module.azurerm_firewall_policy_rule_collection_groups.azurecaf_name.polgroup",
            "module.caf.module.azurerm_firewall_policy_rule_collection_groups.azurerm_firewall_policy_rule_collection_group.polgroup",
            "module.caf.module.azurerm_firewalls.azurecaf_name.fw",
            "module.caf.module.azurerm_firewalls.azurerm_firewall.fw",
            "module.caf.module.azurerm_firewalls.module.diagnostics.azurerm_monitor_diagnostic_setting.diagnostics",
            "module.caf.module.diagnostic_event_hub_namespaces.azurecaf_name.evh",
            "module.caf.module.diagnostic_event_hub_namespaces.azurerm_eventhub_namespace.evh",
            "module.caf.module.diagnostic_event_hub_namespaces.module.event_hub_namespace_auth_rules.azurecaf_name.evh_ns_rule_name",
            "module.caf.module.diagnostic_event_hub_namespaces.module.event_hub_namespace_auth_rules.azurerm_eventhub_namespace_authorization_rule.evh_ns_rule",
            "module.caf.module.diagnostic_event_hub_namespaces.module.event_hubs.azurecaf_name.evhub",
            "module.caf.module.diagnostic_event_hub_namespaces.module.event_hubs.azurerm_eventhub.evhub",
            "module.caf.module.diagnostic_event_hub_namespaces.module.event_hubs.module.authorization_rules.azurecaf_name.evh_rule",
            "module.caf.module.diagnostic_event_hub_namespaces.module.event_hubs.module.authorization_rules.azurerm_eventhub_authorization_rule.evhub_rule",
            "module.caf.module.diagnostic_log_analytics.azurecaf_name.law",
            "module.caf.module.diagnostic_log_analytics.azurerm_log_analytics_solution.solution",
            "module.caf.module.diagnostic_log_analytics.azurerm_log_analytics_workspace.law",
            "module.caf.module.diagnostic_storage_accounts.azurecaf_name.stg",
            "module.caf.module.diagnostic_storage_accounts.azurerm_backup_container_storage_account.container",
            "module.caf.module.diagnostic_storage_accounts.azurerm_storage_account.stg",
            "module.caf.module.diagnostic_storage_accounts.module.container.azurerm_storage_container.stg",
            "module.caf.module.diagnostic_storage_accounts.module.container.module.blob.azurerm_storage_blob.blob",
            "module.caf.module.diagnostic_storage_accounts.module.data_lake_filesystem.azurerm_storage_data_lake_gen2_filesystem.gen2",
            "module.caf.module.diagnostic_storage_accounts.module.private_endpoint.azurecaf_name.pep",
            "module.caf.module.diagnostic_storage_accounts.module.private_endpoint.azurerm_private_endpoint.pep",
            "module.caf.module.dynamic_keyvault_secrets.module.secret.azurerm_key_vault_secret.secret",
            "module.caf.module.dynamic_keyvault_secrets.module.secret_immutable.azurerm_key_vault_secret.secret",
            "module.caf.module.dynamic_keyvault_secrets.module.secret_value.azurerm_key_vault_secret.secret",
            "module.caf.module.ip_groups.azurecaf_name.ip_group",
            "module.caf.module.ip_groups.azurerm_ip_group.ip_group",
            "module.caf.module.keyvault_access_policies.module.azuread_apps.azurerm_key_vault_access_policy.policy",
            "module.caf.module.keyvault_access_policies.module.azuread_group.azurerm_key_vault_access_policy.policy",
            "module.caf.module.keyvault_access_policies.module.diagnostic_storage_accounts.azurerm_key_vault_access_policy.policy",
            "module.caf.module.keyvault_access_policies.module.logged_in_aad_app.azurerm_key_vault_access_policy.policy",
            "module.caf.module.keyvault_access_policies.module.logged_in_user.azurerm_key_vault_access_policy.policy",
            "module.caf.module.keyvault_access_policies.module.managed_identity.azurerm_key_vault_access_policy.policy",
            "module.caf.module.keyvault_access_policies.module.mssql_managed_instance.azurerm_key_vault_access_policy.policy",
            "module.caf.module.keyvault_access_policies.module.mssql_managed_instances_secondary.azurerm_key_vault_access_policy.policy",
            "module.caf.module.keyvault_access_policies.module.object_id.azurerm_key_vault_access_policy.policy",
            "module.caf.module.keyvault_access_policies.module.storage_accounts.azurerm_key_vault_access_policy.policy",
            "module.caf.module.keyvault_access_policies_azuread_apps.module.azuread_apps.azurerm_key_vault_access_policy.policy",
            "module.caf.module.keyvault_access_policies_azuread_apps.module.azuread_group.azurerm_key_vault_access_policy.policy",
            "module.caf.module.keyvault_access_policies_azuread_apps.module.diagnostic_storage_accounts.azurerm_key_vault_access_policy.policy",
            "module.caf.module.keyvault_access_policies_azuread_apps.module.logged_in_aad_app.azurerm_key_vault_access_policy.policy",
            "module.caf.module.keyvault_access_policies_azuread_apps.module.logged_in_user.azurerm_key_vault_access_policy.policy",
            "module.caf.module.keyvault_access_policies_azuread_apps.module.managed_identity.azurerm_key_vault_access_policy.policy",
            "module.caf.module.keyvault_access_policies_azuread_apps.module.mssql_managed_instance.azurerm_key_vault_access_policy.policy",
            "module.caf.module.keyvault_access_policies_azuread_apps.module.mssql_managed_instances_secondary.azurerm_key_vault_access_policy.policy",
            "module.caf.module.keyvault_access_policies_azuread_apps.module.object_id.azurerm_key_vault_access_policy.policy",
            "module.caf.module.keyvault_access_policies_azuread_apps.module.storage_accounts.azurerm_key_vault_access_policy.policy",
            "module.caf.module.keyvaults.azurecaf_name.keyvault",
            "module.caf.module.keyvaults.azurerm_key_vault.keyvault",
            "module.caf.module.keyvaults.azurerm_key_vault_secret.secret",
            "module.caf.module.keyvaults.azurerm_key_vault_secret.secret_ignore_changes",
            "module.caf.module.keyvaults.module.diagnostics.azurerm_monitor_diagnostic_setting.diagnostics",
            "module.caf.module.keyvaults.module.initial_policy.module.azuread_apps.azurerm_key_vault_access_policy.policy",
            "module.caf.module.keyvaults.module.initial_policy.module.azuread_group.azurerm_key_vault_access_policy.policy",
            "module.caf.module.keyvaults.module.initial_policy.module.diagnostic_storage_accounts.azurerm_key_vault_access_policy.policy",
            "module.caf.module.keyvaults.module.initial_policy.module.logged_in_aad_app.azurerm_key_vault_access_policy.policy",
            "module.caf.module.keyvaults.module.initial_policy.module.logged_in_user.azurerm_key_vault_access_policy.policy",
            "module.caf.module.keyvaults.module.initial_policy.module.managed_identity.azurerm_key_vault_access_policy.policy",
            "module.caf.module.keyvaults.module.initial_policy.module.mssql_managed_instance.azurerm_key_vault_access_policy.policy",
            "module.caf.module.keyvaults.module.initial_policy.module.mssql_managed_instances_secondary.azurerm_key_vault_access_policy.policy",
            "module.caf.module.keyvaults.module.initial_policy.module.object_id.azurerm_key_vault_access_policy.policy",
            "module.caf.module.keyvaults.module.initial_policy.module.storage_accounts.azurerm_key_vault_access_policy.policy",
            "module.caf.module.keyvaults.module.private_endpoint.azurecaf_name.pep",
            "module.caf.module.keyvaults.module.private_endpoint.azurerm_private_endpoint.pep",
            "module.caf.module.managed_identities.azurecaf_name.msi",
            "module.caf.module.managed_identities.azurerm_user_assigned_identity.msi",
            "module.caf.module.mssql_managed_instances.azurecaf_name.mssqlmi",
            "module.caf.module.mssql_managed_instances.azurerm_template_deployment.mssqlmi",
            "module.caf.module.mssql_managed_instances.null_resource.destroy_sqlmi",
            "module.caf.module.mssql_managed_instances_secondary.azurecaf_name.mssqlmi",
            "module.caf.module.mssql_managed_instances_secondary.azurerm_template_deployment.mssqlmi",
            "module.caf.module.mssql_managed_instances_secondary.null_resource.destroy_sqlmi",
            "module.caf.module.network_security_groups.azurecaf_name.nsg",
            "module.caf.module.network_security_groups.azurerm_network_security_group.nsg",
            "module.caf.module.network_security_groups.module.diagnostics.azurerm_monitor_diagnostic_setting.diagnostics",
            "module.caf.module.network_security_groups.module.nsg_flows.azurerm_network_watcher_flow_log.flow",
            "module.caf.module.network_watchers.azurecaf_name.netwatcher",
            "module.caf.module.network_watchers.azurerm_network_watcher.netwatcher",
            "module.caf.module.networking.azurecaf_name.caf_name_vnet",
            "module.caf.module.networking.azurerm_subnet_network_security_group_association.nsg_vnet_association",
            "module.caf.module.networking.azurerm_subnet_network_security_group_association.nsg_vnet_association_version",
            "module.caf.module.networking.azurerm_subnet_route_table_association.rt",
            "module.caf.module.networking.azurerm_virtual_network.vnet",
            "module.caf.module.networking.module.diagnostics.azurerm_monitor_diagnostic_setting.diagnostics",
            "module.caf.module.networking.module.nsg.azurecaf_name.nsg_obj",
            "module.caf.module.networking.module.nsg.azurerm_network_security_group.nsg_obj",
            "module.caf.module.networking.module.nsg.module.diagnostics.azurerm_monitor_diagnostic_setting.diagnostics",
            "module.caf.module.networking.module.nsg.module.nsg_flows.azurerm_network_watcher_flow_log.flow",
            "module.caf.module.networking.module.special_subnets.azurecaf_name.subnet",
            "module.caf.module.networking.module.special_subnets.azurerm_subnet.subnet",
            "module.caf.module.networking.module.subnets.azurecaf_name.subnet",
            "module.caf.module.networking.module.subnets.azurerm_subnet.subnet",
            "module.caf.module.private_dns.azurecaf_name.pnetlk",
            "module.caf.module.private_dns.azurerm_private_dns_a_record.a_records",
            "module.caf.module.private_dns.azurerm_private_dns_aaaa_record.aaaa_records",
            "module.caf.module.private_dns.azurerm_private_dns_cname_record.cname_records",
            "module.caf.module.private_dns.azurerm_private_dns_mx_record.mx_records",
            "module.caf.module.private_dns.azurerm_private_dns_ptr_record.ptr_records",
            "module.caf.module.private_dns.azurerm_private_dns_srv_record.srv_records",
            "module.caf.module.private_dns.azurerm_private_dns_txt_record.txt_records",
            "module.caf.module.private_dns.azurerm_private_dns_zone.private_dns",
            "module.caf.module.private_dns.azurerm_private_dns_zone_virtual_network_link.vnet_links",
            "module.caf.module.proximity_placement_groups.azurecaf_name.ppg",
            "module.caf.module.proximity_placement_groups.azurerm_proximity_placement_group.ppg",
            "module.caf.module.public_ip_addresses.azurerm_public_ip.pip",
            "module.caf.module.public_ip_addresses.module.diagnostics.azurerm_monitor_diagnostic_setting.diagnostics",
            "module.caf.module.recovery_vaults.azurecaf_name.asr_rg_vault",
            "module.caf.module.recovery_vaults.azurerm_backup_policy_file_share.fs",
            "module.caf.module.recovery_vaults.azurerm_backup_policy_vm.vm",
            "module.caf.module.recovery_vaults.azurerm_recovery_services_vault.asr",
            "module.caf.module.recovery_vaults.azurerm_site_recovery_fabric.recovery_fabric",
            "module.caf.module.recovery_vaults.azurerm_site_recovery_protection_container.protection_container",
            "module.caf.module.recovery_vaults.azurerm_site_recovery_protection_container_mapping.container-mapping",
            "module.caf.module.recovery_vaults.azurerm_site_recovery_replication_policy.policy",
            "module.caf.module.recovery_vaults.module.diagnostics.azurerm_monitor_diagnostic_setting.diagnostics",
            "module.caf.module.recovery_vaults.module.private_endpoint.azurecaf_name.pep",
            "module.caf.module.recovery_vaults.module.private_endpoint.azurerm_private_endpoint.pep",
            "module.caf.module.recovery_vaults.time_sleep.delay_create",
            "module.caf.module.resource_group_reused.data.azurerm_resource_group.rg",
            "module.caf.module.resource_groups.azurecaf_name.rg",
            "module.caf.module.resource_groups.azurerm_resource_group.rg",
            "module.caf.module.route_tables.azurerm_route_table.rt",
            "module.caf.module.routes.azurerm_route.route",
            "module.caf.module.storage_accounts.azurecaf_name.stg",
            "module.caf.module.storage_accounts.azurerm_backup_container_storage_account.container",
            "module.caf.module.storage_accounts.azurerm_storage_account.stg",
            "module.caf.module.storage_accounts.module.container.azurerm_storage_container.stg",
            "module.caf.module.storage_accounts.module.container.module.blob.azurerm_storage_blob.blob",
            "module.caf.module.storage_accounts.module.data_lake_filesystem.azurerm_storage_data_lake_gen2_filesystem.gen2",
            "module.caf.module.storage_accounts.module.private_endpoint.azurecaf_name.pep",
            "module.caf.module.storage_accounts.module.private_endpoint.azurerm_private_endpoint.pep",
            "module.caf.module.virtual_machines.azurecaf_name.nic",
            "module.caf.module.virtual_wans.azurecaf_name.vwan",
            "module.caf.module.virtual_wans.azurerm_virtual_wan.vwan",
            "module.caf.module.virtual_wans.module.hubs.azurecaf_name.bgp_con",
            "module.caf.module.virtual_wans.module.hubs.azurecaf_name.er_gateway",
            "module.caf.module.virtual_wans.module.hubs.azurecaf_name.hub_ip",
            "module.caf.module.virtual_wans.module.hubs.azurecaf_name.p2s_gateway",
            "module.caf.module.virtual_wans.module.hubs.azurecaf_name.s2s_gateway",
            "module.caf.module.virtual_wans.module.hubs.azurecaf_name.spp",
            "module.caf.module.virtual_wans.module.hubs.azurecaf_name.virtualhub_fw",
            "module.caf.module.virtual_wans.module.hubs.azurecaf_name.vwan_hub",
            "module.caf.module.virtual_wans.module.hubs.azurerm_express_route_gateway.er_gateway",
            "module.caf.module.virtual_wans.module.hubs.azurerm_point_to_site_vpn_gateway.p2s_gateway",
            "module.caf.module.virtual_wans.module.hubs.azurerm_template_deployment.arm_template_vhub_firewall",
            "module.caf.module.virtual_wans.module.hubs.azurerm_virtual_hub.vwan_hub",
            "module.caf.module.virtual_wans.module.hubs.azurerm_virtual_hub_bgp_connection.bgp_con",
            "module.caf.module.virtual_wans.module.hubs.azurerm_virtual_hub_ip.hub_ip",
            "module.caf.module.virtual_wans.module.hubs.azurerm_virtual_hub_security_partner_provider.spp",
            "module.caf.module.virtual_wans.module.hubs.azurerm_vpn_gateway.s2s_gateway",
            "module.caf.module.virtual_wans.module.hubs.azurerm_vpn_server_configuration.p2s_configuration",
            "module.caf.module.virtual_wans.module.hubs.data.azurerm_subscription.current",
            "module.caf.module.virtual_wans.module.hubs.null_resource.arm_template_vhub_firewall",
            "module.caf.random_string.prefix"
          ]
        }
      ]
    },
    {
      "module": "module.caf.module.virtual_machines[\"example_vm1\"]",
      "mode": "managed",
      "type": "tls_private_key",
      "name": "ssh",
      "provider": "provider[\"registry.terraform.io/hashicorp/tls\"]",
      "instances": [
        {
          "index_key": "linux",
          "schema_version": 0,
          "attributes": {
            "algorithm": "RSA",
            "ecdsa_curve": "P224",
            "id": "c64a4895108624b8cd1ad8ec33770ec9dd999632",
            "private_key_openssh": "-----BEGIN OPENSSH PRIVATE KEY-----\nb3BlbnNzaC1rZXktdjEAAAAABG5vbmUAAAAEbm9uZQAAAAAAAAABAAACFwAAAAdz\nc2gtcnNhAAAAAwEAAQAAAgEAwzCzc6nF2+39DY8YoSGSdtheVdOHhgYWExGPeB6E\nJ43lU5selLv8LMu/IYPNfEfdIGrhcUFmneoIiN89yiaZi4Lmp8/16iQdCyKcd11p\n03B59/tyq9XNUrnPgK2dSll7o8XI83RxN5bm5C/X05BDvbGRLU0Lsw0DL8K8keNu\n9RiQmpkcFajSItZ++1EredgOkrMdTPdbdsj4xCOoxlY1fFM+bsNid2qv7ih2jytj\nt2WnBgCv9snVue0d29sNxiSqTHMgHUYZxtoa0RsB4LamMt5HnAqk7x2q4f1Dc2xT\nZj15rN+1Flgf7eeKjSgr/jT6W2NEiHBzprXDjl3a0yQ97rVAjo909CPPD1Vj3xU4\nlnq10RxGIhIzGbsOGV1miGfQJh6kGQG4pfV3P9jAmob5wwWokyQWUidk2epxTHoJ\nDtQi/r372ljXll/Up+CuF8ZREuq/Iu4n62YlXGV5eerNhszA3i7xjanR3M/2IKDG\njCdhkhuD5I3UjaaoVNRjGuOZUfKmEgtzqG0dQ4gcvW+sHCnhpgeZo9LwALo8gSXA\nMw4OvBTrC9XJD0W+9lKyZR6Arwq4O50UB1vDroSXd7KbzP7G/S33ZAKsWDLrM66w\nkX0XUPPXHGZiG2TixjMsApVC7sonh7QpBx63NffPQ9sHMZ2+dLwI6ySUiJFK0LOs\nTS0AAAc4cFXeN3BV3jcAAAAHc3NoLXJzYQAAAgEAwzCzc6nF2+39DY8YoSGSdthe\nVdOHhgYWExGPeB6EJ43lU5selLv8LMu/IYPNfEfdIGrhcUFmneoIiN89yiaZi4Lm\np8/16iQdCyKcd11p03B59/tyq9XNUrnPgK2dSll7o8XI83RxN5bm5C/X05BDvbGR\nLU0Lsw0DL8K8keNu9RiQmpkcFajSItZ++1EredgOkrMdTPdbdsj4xCOoxlY1fFM+\nbsNid2qv7ih2jytjt2WnBgCv9snVue0d29sNxiSqTHMgHUYZxtoa0RsB4LamMt5H\nnAqk7x2q4f1Dc2xTZj15rN+1Flgf7eeKjSgr/jT6W2NEiHBzprXDjl3a0yQ97rVA\njo909CPPD1Vj3xU4lnq10RxGIhIzGbsOGV1miGfQJh6kGQG4pfV3P9jAmob5wwWo\nkyQWUidk2epxTHoJDtQi/r372ljXll/Up+CuF8ZREuq/Iu4n62YlXGV5eerNhszA\n3i7xjanR3M/2IKDGjCdhkhuD5I3UjaaoVNRjGuOZUfKmEgtzqG0dQ4gcvW+sHCnh\npgeZo9LwALo8gSXAMw4OvBTrC9XJD0W+9lKyZR6Arwq4O50UB1vDroSXd7KbzP7G\n/S33ZAKsWDLrM66wkX0XUPPXHGZiG2TixjMsApVC7sonh7QpBx63NffPQ9sHMZ2+\ndLwI6ySUiJFK0LOsTS0AAAADAQABAAACAF8/68I8jcYmG7+7Hay7wkpmiZpeUBsR\n60HA5v8Z/SmEL+2dm82+8m81uf5z4BmOxBSms37eCGJ1K1cHgZKdRX50EXTAoeNx\nXg7qA+qn1hWNJKfjt3CtM7Xz4JONpVz7z776rHZJU1pqNCAUTMD7/GKcPRkbKONm\nLTDoWbbjgmjuZNpcbv0O1gSUIYEoegvKaEokR98gMi0EI4krUZf/x7f0s1m/1NQr\nZtDURA7XgKClZV0jhrrqgXZqhJCeE9mmWMhXwcsnQzrrgfyark7nMrFOESnPc+8P\nzizbt0ejDAuvYin/PNI7jNE+lTkO6nDxj157UZ03KuimeFiH6lnwrJtuuv66dtXv\nyPrI9LP5813iwclzlNG8+GnlVsNq3QWpxTLr2jjiS7fLdvH5eh9y4JKHRHEFHMzg\nyxHBYwxGrTmM7qEMeFxMtoVjtuLDIbcPO6GHjKaVbALykN4d/jf2iyncPHzI/EuM\n0kPjKa0e8XMJk4n+dEWDQG+zOI4C4bvpYRabHWKsRvXlgEq8aYMBuLyRLbQk6vyG\npWQUEpFAOiZ/YEqGvIArtD+GlTlKf6wMHOoxqk42p91kFipIihuspK6y+rk5nPJ8\nkmS1pS7V5x6f+Mr4aAwLkmpFqJsUEc0fbWcvcUDDiKPloze1NJXngF8MROT2xdlN\n+Tvme1jQGTXhAAABAQDLmmVKgUOp9N/bCFuMVKOOIuXa3VhtgUYNHzuS8G7n5d0i\nL4VjZaBdBx4ApnXwM4ATmtmn/4rT0EsfbiNPXybrwmHcq3vbcs7C0q+bAGkiaJy3\nbpqQ6hweR2wVVA8ZRgc/SwurhXQET28urY/MComkqXrltMUKmoO4AUZXB5sYTpnp\neEGrEp+xXur7wmjmZBs9Pv+d881rT6fNcVxSX9Xn5I58Ucl5aKBPuhxC6/+mH0pF\nylWTMkcI5D4lWol+dJ5wXzKCqhm8QfnxnNUPUDinu9RBgZ3N8ebBUkyP2BURwcgT\nGQF3XYXLc78x5j91fgc43Ip8ZXicVysxRlHOIlCyAAABAQDrJdmCrU5E14h1W74r\nyimmMpzKpv+niU+A0sXYRpuhI2StiI0aOJ9GSFkA+H77p+44XqDPKDGBW0tJFl0C\nDdCZi2HS4ICgx6XRq1wxQEazX6VZ4b7HxC3Xs4nIR20xqdcvQ2bFfEAGzOAZHtWQ\n6e5rWe7wUkTmoNF4vhupoHp+v2Ut8i18JLDAp1OX6p7/9lmIq6GUHGnENNteTeOm\nJUfKZJDVCkq0SXZppx30tOrU+T4XYzkRxh+K+xkSSHU4YoxobHxJc6DgvMrdEYty\n3Ul9f+6fth7VRcpFSzlp/a4IjUaZaB6E9FqrkWj5+6CXPFb9pZM7CoSXHw1obmGe\nflv5AAABAQDUf8N4hv+TREF/mkONGg5rzAWdvJTUjISEHD7pKBXl7S4rg1y8dCeC\npZe6gewqAXXVtcjKaMzqA5z8twx/AW3O0JdIQT8uwhe2cnBzcg7EXObWIOTr/Xwa\n3Y+r4aygx6j99/aIGYpeMCawDnOiEnC1IhSctQWdDW7GsQ0veBaC3HBAuGzZ9ra0\nElsyQcv+WUdv8IiWr11xBaX72IslLBhsRDqsqY3sPUzGomiRJhjxcfAgGUFjyMMZ\nIEPO89eCiahEgGV3NVrZudBd6XBNxbeLPSm5tYPbjRbO5aV7rg+BvzOmhKNppS1O\n3oQCQEDcl8mLzjwUkBgv/bkWLxrKA7/VAAAAAAEC\n-----END OPENSSH PRIVATE KEY-----\n",
            "private_key_pem": "-----BEGIN RSA PRIVATE KEY-----\nMIIJKQIBAAKCAgEAwzCzc6nF2+39DY8YoSGSdtheVdOHhgYWExGPeB6EJ43lU5se\nlLv8LMu/IYPNfEfdIGrhcUFmneoIiN89yiaZi4Lmp8/16iQdCyKcd11p03B59/ty\nq9XNUrnPgK2dSll7o8XI83RxN5bm5C/X05BDvbGRLU0Lsw0DL8K8keNu9RiQmpkc\nFajSItZ++1EredgOkrMdTPdbdsj4xCOoxlY1fFM+bsNid2qv7ih2jytjt2WnBgCv\n9snVue0d29sNxiSqTHMgHUYZxtoa0RsB4LamMt5HnAqk7x2q4f1Dc2xTZj15rN+1\nFlgf7eeKjSgr/jT6W2NEiHBzprXDjl3a0yQ97rVAjo909CPPD1Vj3xU4lnq10RxG\nIhIzGbsOGV1miGfQJh6kGQG4pfV3P9jAmob5wwWokyQWUidk2epxTHoJDtQi/r37\n2ljXll/Up+CuF8ZREuq/Iu4n62YlXGV5eerNhszA3i7xjanR3M/2IKDGjCdhkhuD\n5I3UjaaoVNRjGuOZUfKmEgtzqG0dQ4gcvW+sHCnhpgeZo9LwALo8gSXAMw4OvBTr\nC9XJD0W+9lKyZR6Arwq4O50UB1vDroSXd7KbzP7G/S33ZAKsWDLrM66wkX0XUPPX\nHGZiG2TixjMsApVC7sonh7QpBx63NffPQ9sHMZ2+dLwI6ySUiJFK0LOsTS0CAwEA\nAQKCAgBfP+vCPI3GJhu/ux2su8JKZomaXlAbEetBwOb/Gf0phC/tnZvNvvJvNbn+\nc+AZjsQUprN+3ghidStXB4GSnUV+dBF0wKHjcV4O6gPqp9YVjSSn47dwrTO18+CT\njaVc+8+++qx2SVNaajQgFEzA+/xinD0ZGyjjZi0w6Fm244Jo7mTaXG79DtYElCGB\nKHoLymhKJEffIDItBCOJK1GX/8e39LNZv9TUK2bQ1EQO14CgpWVdI4a66oF2aoSQ\nnhPZpljIV8HLJ0M664H8mq5O5zKxThEpz3PvD84s27dHowwLr2Ip/zzSO4zRPpU5\nDupw8Y9ee1GdNyropnhYh+pZ8Kybbrr+unbV78j6yPSz+fNd4sHJc5TRvPhp5VbD\nat0FqcUy69o44ku3y3bx+XofcuCSh0RxBRzM4MsRwWMMRq05jO6hDHhcTLaFY7bi\nwyG3Dzuhh4ymlWwC8pDeHf439osp3Dx8yPxLjNJD4ymtHvFzCZOJ/nRFg0BvsziO\nAuG76WEWmx1irEb15YBKvGmDAbi8kS20JOr8hqVkFBKRQDomf2BKhryAK7Q/hpU5\nSn+sDBzqMapONqfdZBYqSIobrKSusvq5OZzyfJJktaUu1ecen/jK+GgMC5JqRaib\nFBHNH21nL3FAw4ij5aM3tTSV54BfDETk9sXZTfk75ntY0Bk14QKCAQEA6yXZgq1O\nRNeIdVu+K8oppjKcyqb/p4lPgNLF2EaboSNkrYiNGjifRkhZAPh++6fuOF6gzygx\ngVtLSRZdAg3QmYth0uCAoMel0atcMUBGs1+lWeG+x8Qt17OJyEdtManXL0NmxXxA\nBszgGR7VkOnua1nu8FJE5qDReL4bqaB6fr9lLfItfCSwwKdTl+qe//ZZiKuhlBxp\nxDTbXk3jpiVHymSQ1QpKtEl2aacd9LTq1Pk+F2M5EcYfivsZEkh1OGKMaGx8SXOg\n4LzK3RGLct1JfX/un7Ye1UXKRUs5af2uCI1GmWgehPRaq5Fo+fuglzxW/aWTOwqE\nlx8NaG5hnn5b+QKCAQEA1H/DeIb/k0RBf5pDjRoOa8wFnbyU1IyEhBw+6SgV5e0u\nK4NcvHQngqWXuoHsKgF11bXIymjM6gOc/LcMfwFtztCXSEE/LsIXtnJwc3IOxFzm\n1iDk6/18Gt2Pq+GsoMeo/ff2iBmKXjAmsA5zohJwtSIUnLUFnQ1uxrENL3gWgtxw\nQLhs2fa2tBJbMkHL/llHb/CIlq9dcQWl+9iLJSwYbEQ6rKmN7D1MxqJokSYY8XHw\nIBlBY8jDGSBDzvPXgomoRIBldzVa2bnQXelwTcW3iz0pubWD240WzuWle64Pgb8z\npoSjaaUtTt6EAkBA3JfJi848FJAYL/25Fi8aygO/1QKCAQEAikSPSY+uXjx+OMPh\nZs5Q/zDzkRXxbgoHfbByNWIPUQkGwiNxFOIGhcU00KVNxZxRL0Q1Oppfwbh05F0K\nA5Mr/Z0/wEfSWrgKgOdKJoutBvxOtjNPgxeP/S3M7r9RLcq4hUoUvDr7SwRdIWhI\nHBXx453WKem2KgaWJXFjwrJiVPUmAYZNyJmqdR3uwX1sUQYCT6LcN8MdTgnmk+Uo\n3yE8vX20zBBpLOmlfyqNKr7W9rQ4Fnh5rkHZeld7voxsoOMRvLVNv8MF7iAVCTiv\nzrLf67O2FKN6Ld4Dugspj3FjTBQGV14p0/P6/LdcCuIy47rPTAZ4NFdS76mKsMV3\nEUMrwQKCAQBQIvqJWofJdsUopPlyne/wURmRGcwat/9Ffw1uijJv6lkuCbUQUNGR\noHcu284/LRvOA2b8hjc4zTIHz9RDlTte8iULF6gHLyUYJeIod0wAW3SmLfOG16pU\ny1diH5IldAZT+I4dV1xqFsiQPnL3HPMqK/cP/ehnCOjMv3pUe3op0Y33qlVKgZL3\nJ7ECq/ONMQgSu+gWw31+oP2uk0QuOYngUn66HJssCxYIFrlOe8qOS0SeJkgVpGGG\n+Tb5NdYBIX62jqE1KobfcwaUU/OJMNX+CYvRwBVA191RGyOkF8k7SerlkkG6FpOW\nma2415heWFOmiJj5vDmS56FEL3Fv26gdAoIBAQDLmmVKgUOp9N/bCFuMVKOOIuXa\n3VhtgUYNHzuS8G7n5d0iL4VjZaBdBx4ApnXwM4ATmtmn/4rT0EsfbiNPXybrwmHc\nq3vbcs7C0q+bAGkiaJy3bpqQ6hweR2wVVA8ZRgc/SwurhXQET28urY/MComkqXrl\ntMUKmoO4AUZXB5sYTpnpeEGrEp+xXur7wmjmZBs9Pv+d881rT6fNcVxSX9Xn5I58\nUcl5aKBPuhxC6/+mH0pFylWTMkcI5D4lWol+dJ5wXzKCqhm8QfnxnNUPUDinu9RB\ngZ3N8ebBUkyP2BURwcgTGQF3XYXLc78x5j91fgc43Ip8ZXicVysxRlHOIlCy\n-----END RSA PRIVATE KEY-----\n",
            "public_key_fingerprint_md5": "65:36:3c:bd:4b:04:49:85:74:6a:46:f5:d1:dd:a6:06",
            "public_key_fingerprint_sha256": "SHA256:gAVMU1JwwCEn8oGxzOHv9FoFoit6G9c3wcjt+Sm4sDM",
            "public_key_openssh": "ssh-rsa AAAAB3NzaC1yc2EAAAADAQABAAACAQDDMLNzqcXb7f0NjxihIZJ22F5V04eGBhYTEY94HoQnjeVTmx6Uu/wsy78hg818R90gauFxQWad6giI3z3KJpmLguanz/XqJB0LIpx3XWnTcHn3+3Kr1c1Suc+ArZ1KWXujxcjzdHE3lubkL9fTkEO9sZEtTQuzDQMvwryR4271GJCamRwVqNIi1n77USt52A6Ssx1M91t2yPjEI6jGVjV8Uz5uw2J3aq/uKHaPK2O3ZacGAK/2ydW57R3b2w3GJKpMcyAdRhnG2hrRGwHgtqYy3kecCqTvHarh/UNzbFNmPXms37UWWB/t54qNKCv+NPpbY0SIcHOmtcOOXdrTJD3utUCOj3T0I88PVWPfFTiWerXRHEYiEjMZuw4ZXWaIZ9AmHqQZAbil9Xc/2MCahvnDBaiTJBZSJ2TZ6nFMegkO1CL+vfvaWNeWX9Sn4K4XxlES6r8i7ifrZiVcZXl56s2GzMDeLvGNqdHcz/YgoMaMJ2GSG4PkjdSNpqhU1GMa45lR8qYSC3OobR1DiBy9b6wcKeGmB5mj0vAAujyBJcAzDg68FOsL1ckPRb72UrJlHoCvCrg7nRQHW8OuhJd3spvM/sb9LfdkAqxYMuszrrCRfRdQ89ccZmIbZOLGMywClULuyieHtCkHHrc1989D2wcxnb50vAjrJJSIkUrQs6xNLQ==\n",
            "public_key_pem": "-----BEGIN PUBLIC KEY-----\nMIICIjANBgkqhkiG9w0BAQEFAAOCAg8AMIICCgKCAgEAwzCzc6nF2+39DY8YoSGS\ndtheVdOHhgYWExGPeB6EJ43lU5selLv8LMu/IYPNfEfdIGrhcUFmneoIiN89yiaZ\ni4Lmp8/16iQdCyKcd11p03B59/tyq9XNUrnPgK2dSll7o8XI83RxN5bm5C/X05BD\nvbGRLU0Lsw0DL8K8keNu9RiQmpkcFajSItZ++1EredgOkrMdTPdbdsj4xCOoxlY1\nfFM+bsNid2qv7ih2jytjt2WnBgCv9snVue0d29sNxiSqTHMgHUYZxtoa0RsB4Lam\nMt5HnAqk7x2q4f1Dc2xTZj15rN+1Flgf7eeKjSgr/jT6W2NEiHBzprXDjl3a0yQ9\n7rVAjo909CPPD1Vj3xU4lnq10RxGIhIzGbsOGV1miGfQJh6kGQG4pfV3P9jAmob5\nwwWokyQWUidk2epxTHoJDtQi/r372ljXll/Up+CuF8ZREuq/Iu4n62YlXGV5eerN\nhszA3i7xjanR3M/2IKDGjCdhkhuD5I3UjaaoVNRjGuOZUfKmEgtzqG0dQ4gcvW+s\nHCnhpgeZo9LwALo8gSXAMw4OvBTrC9XJD0W+9lKyZR6Arwq4O50UB1vDroSXd7Kb\nzP7G/S33ZAKsWDLrM66wkX0XUPPXHGZiG2TixjMsApVC7sonh7QpBx63NffPQ9sH\nMZ2+dLwI6ySUiJFK0LOsTS0CAwEAAQ==\n-----END PUBLIC KEY-----\n",
            "rsa_bits": 4096
          },
          "sensitive_attributes": [],
          "private": "bnVsbA==",
          "dependencies": [
            "module.caf.azurecaf_name.ddos_protection_plan",
            "module.caf.azurecaf_name.public_ip_addresses",
            "module.caf.azurecaf_name.route_tables",
            "module.caf.azurecaf_name.routes",
            "module.caf.azurerm_network_ddos_protection_plan.ddos_protection_plan",
            "module.caf.data.azuread_service_principal.logged_in_app",
            "module.caf.data.azurerm_client_config.current",
            "module.caf.module.application_security_groups.azurecaf_name.asg",
            "module.caf.module.application_security_groups.azurerm_application_security_group.asg",
            "module.caf.module.availability_sets.azurecaf_name.avset",
            "module.caf.module.availability_sets.azurerm_availability_set.avset",
            "module.caf.module.azuread_applications.azuread_application.app",
            "module.caf.module.azuread_applications.azuread_service_principal.app",
            "module.caf.module.azuread_applications.azuread_service_principal_password.pwd",
            "module.caf.module.azuread_applications.azurerm_key_vault_secret.client_id",
            "module.caf.module.azuread_applications.azurerm_key_vault_secret.client_secret",
            "module.caf.module.azuread_applications.azurerm_key_vault_secret.tenant_id",
            "module.caf.module.azuread_applications.null_resource.grant_admin_consent",
            "module.caf.module.azuread_applications.random_password.pwd",
            "module.caf.module.azuread_applications.time_rotating.pwd",
            "module.caf.module.azuread_groups.azuread_group.group",
            "module.caf.module.azurerm_firewall_policies.azurecaf_name.fwpol",
            "module.caf.module.azurerm_firewall_policies.azurerm_firewall_policy.fwpol",
            "module.caf.module.azurerm_firewall_policy_rule_collection_groups.azurecaf_name.application_rule",
            "module.caf.module.azurerm_firewall_policy_rule_collection_groups.azurecaf_name.nat_rule",
            "module.caf.module.azurerm_firewall_policy_rule_collection_groups.azurecaf_name.network_rule",
            "module.caf.module.azurerm_firewall_policy_rule_collection_groups.azurecaf_name.polgroup",
            "module.caf.module.azurerm_firewall_policy_rule_collection_groups.azurerm_firewall_policy_rule_collection_group.polgroup",
            "module.caf.module.azurerm_firewalls.azurecaf_name.fw",
            "module.caf.module.azurerm_firewalls.azurerm_firewall.fw",
            "module.caf.module.azurerm_firewalls.module.diagnostics.azurerm_monitor_diagnostic_setting.diagnostics",
            "module.caf.module.diagnostic_event_hub_namespaces.azurecaf_name.evh",
            "module.caf.module.diagnostic_event_hub_namespaces.azurerm_eventhub_namespace.evh",
            "module.caf.module.diagnostic_event_hub_namespaces.module.event_hub_namespace_auth_rules.azurecaf_name.evh_ns_rule_name",
            "module.caf.module.diagnostic_event_hub_namespaces.module.event_hub_namespace_auth_rules.azurerm_eventhub_namespace_authorization_rule.evh_ns_rule",
            "module.caf.module.diagnostic_event_hub_namespaces.module.event_hubs.azurecaf_name.evhub",
            "module.caf.module.diagnostic_event_hub_namespaces.module.event_hubs.azurerm_eventhub.evhub",
            "module.caf.module.diagnostic_event_hub_namespaces.module.event_hubs.module.authorization_rules.azurecaf_name.evh_rule",
            "module.caf.module.diagnostic_event_hub_namespaces.module.event_hubs.module.authorization_rules.azurerm_eventhub_authorization_rule.evhub_rule",
            "module.caf.module.diagnostic_log_analytics.azurecaf_name.law",
            "module.caf.module.diagnostic_log_analytics.azurerm_log_analytics_solution.solution",
            "module.caf.module.diagnostic_log_analytics.azurerm_log_analytics_workspace.law",
            "module.caf.module.diagnostic_storage_accounts.azurecaf_name.stg",
            "module.caf.module.diagnostic_storage_accounts.azurerm_backup_container_storage_account.container",
            "module.caf.module.diagnostic_storage_accounts.azurerm_storage_account.stg",
            "module.caf.module.diagnostic_storage_accounts.module.container.azurerm_storage_container.stg",
            "module.caf.module.diagnostic_storage_accounts.module.container.module.blob.azurerm_storage_blob.blob",
            "module.caf.module.diagnostic_storage_accounts.module.data_lake_filesystem.azurerm_storage_data_lake_gen2_filesystem.gen2",
            "module.caf.module.diagnostic_storage_accounts.module.private_endpoint.azurecaf_name.pep",
            "module.caf.module.diagnostic_storage_accounts.module.private_endpoint.azurerm_private_endpoint.pep",
            "module.caf.module.dynamic_keyvault_secrets.module.secret.azurerm_key_vault_secret.secret",
            "module.caf.module.dynamic_keyvault_secrets.module.secret_immutable.azurerm_key_vault_secret.secret",
            "module.caf.module.dynamic_keyvault_secrets.module.secret_value.azurerm_key_vault_secret.secret",
            "module.caf.module.ip_groups.azurecaf_name.ip_group",
            "module.caf.module.ip_groups.azurerm_ip_group.ip_group",
            "module.caf.module.keyvault_access_policies.module.azuread_apps.azurerm_key_vault_access_policy.policy",
            "module.caf.module.keyvault_access_policies.module.azuread_group.azurerm_key_vault_access_policy.policy",
            "module.caf.module.keyvault_access_policies.module.diagnostic_storage_accounts.azurerm_key_vault_access_policy.policy",
            "module.caf.module.keyvault_access_policies.module.logged_in_aad_app.azurerm_key_vault_access_policy.policy",
            "module.caf.module.keyvault_access_policies.module.logged_in_user.azurerm_key_vault_access_policy.policy",
            "module.caf.module.keyvault_access_policies.module.managed_identity.azurerm_key_vault_access_policy.policy",
            "module.caf.module.keyvault_access_policies.module.mssql_managed_instance.azurerm_key_vault_access_policy.policy",
            "module.caf.module.keyvault_access_policies.module.mssql_managed_instances_secondary.azurerm_key_vault_access_policy.policy",
            "module.caf.module.keyvault_access_policies.module.object_id.azurerm_key_vault_access_policy.policy",
            "module.caf.module.keyvault_access_policies.module.storage_accounts.azurerm_key_vault_access_policy.policy",
            "module.caf.module.keyvault_access_policies_azuread_apps.module.azuread_apps.azurerm_key_vault_access_policy.policy",
            "module.caf.module.keyvault_access_policies_azuread_apps.module.azuread_group.azurerm_key_vault_access_policy.policy",
            "module.caf.module.keyvault_access_policies_azuread_apps.module.diagnostic_storage_accounts.azurerm_key_vault_access_policy.policy",
            "module.caf.module.keyvault_access_policies_azuread_apps.module.logged_in_aad_app.azurerm_key_vault_access_policy.policy",
            "module.caf.module.keyvault_access_policies_azuread_apps.module.logged_in_user.azurerm_key_vault_access_policy.policy",
            "module.caf.module.keyvault_access_policies_azuread_apps.module.managed_identity.azurerm_key_vault_access_policy.policy",
            "module.caf.module.keyvault_access_policies_azuread_apps.module.mssql_managed_instance.azurerm_key_vault_access_policy.policy",
            "module.caf.module.keyvault_access_policies_azuread_apps.module.mssql_managed_instances_secondary.azurerm_key_vault_access_policy.policy",
            "module.caf.module.keyvault_access_policies_azuread_apps.module.object_id.azurerm_key_vault_access_policy.policy",
            "module.caf.module.keyvault_access_policies_azuread_apps.module.storage_accounts.azurerm_key_vault_access_policy.policy",
            "module.caf.module.keyvaults.azurecaf_name.keyvault",
            "module.caf.module.keyvaults.azurerm_key_vault.keyvault",
            "module.caf.module.keyvaults.azurerm_key_vault_secret.secret",
            "module.caf.module.keyvaults.azurerm_key_vault_secret.secret_ignore_changes",
            "module.caf.module.keyvaults.module.diagnostics.azurerm_monitor_diagnostic_setting.diagnostics",
            "module.caf.module.keyvaults.module.initial_policy.module.azuread_apps.azurerm_key_vault_access_policy.policy",
            "module.caf.module.keyvaults.module.initial_policy.module.azuread_group.azurerm_key_vault_access_policy.policy",
            "module.caf.module.keyvaults.module.initial_policy.module.diagnostic_storage_accounts.azurerm_key_vault_access_policy.policy",
            "module.caf.module.keyvaults.module.initial_policy.module.logged_in_aad_app.azurerm_key_vault_access_policy.policy",
            "module.caf.module.keyvaults.module.initial_policy.module.logged_in_user.azurerm_key_vault_access_policy.policy",
            "module.caf.module.keyvaults.module.initial_policy.module.managed_identity.azurerm_key_vault_access_policy.policy",
            "module.caf.module.keyvaults.module.initial_policy.module.mssql_managed_instance.azurerm_key_vault_access_policy.policy",
            "module.caf.module.keyvaults.module.initial_policy.module.mssql_managed_instances_secondary.azurerm_key_vault_access_policy.policy",
            "module.caf.module.keyvaults.module.initial_policy.module.object_id.azurerm_key_vault_access_policy.policy",
            "module.caf.module.keyvaults.module.initial_policy.module.storage_accounts.azurerm_key_vault_access_policy.policy",
            "module.caf.module.keyvaults.module.private_endpoint.azurecaf_name.pep",
            "module.caf.module.keyvaults.module.private_endpoint.azurerm_private_endpoint.pep",
            "module.caf.module.managed_identities.azurecaf_name.msi",
            "module.caf.module.managed_identities.azurerm_user_assigned_identity.msi",
            "module.caf.module.mssql_managed_instances.azurecaf_name.mssqlmi",
            "module.caf.module.mssql_managed_instances.azurerm_template_deployment.mssqlmi",
            "module.caf.module.mssql_managed_instances.null_resource.destroy_sqlmi",
            "module.caf.module.mssql_managed_instances_secondary.azurecaf_name.mssqlmi",
            "module.caf.module.mssql_managed_instances_secondary.azurerm_template_deployment.mssqlmi",
            "module.caf.module.mssql_managed_instances_secondary.null_resource.destroy_sqlmi",
            "module.caf.module.network_security_groups.azurecaf_name.nsg",
            "module.caf.module.network_security_groups.azurerm_network_security_group.nsg",
            "module.caf.module.network_security_groups.module.diagnostics.azurerm_monitor_diagnostic_setting.diagnostics",
            "module.caf.module.network_security_groups.module.nsg_flows.azurerm_network_watcher_flow_log.flow",
            "module.caf.module.network_watchers.azurecaf_name.netwatcher",
            "module.caf.module.network_watchers.azurerm_network_watcher.netwatcher",
            "module.caf.module.networking.azurecaf_name.caf_name_vnet",
            "module.caf.module.networking.azurerm_subnet_network_security_group_association.nsg_vnet_association",
            "module.caf.module.networking.azurerm_subnet_network_security_group_association.nsg_vnet_association_version",
            "module.caf.module.networking.azurerm_subnet_route_table_association.rt",
            "module.caf.module.networking.azurerm_virtual_network.vnet",
            "module.caf.module.networking.module.diagnostics.azurerm_monitor_diagnostic_setting.diagnostics",
            "module.caf.module.networking.module.nsg.azurecaf_name.nsg_obj",
            "module.caf.module.networking.module.nsg.azurerm_network_security_group.nsg_obj",
            "module.caf.module.networking.module.nsg.module.diagnostics.azurerm_monitor_diagnostic_setting.diagnostics",
            "module.caf.module.networking.module.nsg.module.nsg_flows.azurerm_network_watcher_flow_log.flow",
            "module.caf.module.networking.module.special_subnets.azurecaf_name.subnet",
            "module.caf.module.networking.module.special_subnets.azurerm_subnet.subnet",
            "module.caf.module.networking.module.subnets.azurecaf_name.subnet",
            "module.caf.module.networking.module.subnets.azurerm_subnet.subnet",
            "module.caf.module.private_dns.azurecaf_name.pnetlk",
            "module.caf.module.private_dns.azurerm_private_dns_a_record.a_records",
            "module.caf.module.private_dns.azurerm_private_dns_aaaa_record.aaaa_records",
            "module.caf.module.private_dns.azurerm_private_dns_cname_record.cname_records",
            "module.caf.module.private_dns.azurerm_private_dns_mx_record.mx_records",
            "module.caf.module.private_dns.azurerm_private_dns_ptr_record.ptr_records",
            "module.caf.module.private_dns.azurerm_private_dns_srv_record.srv_records",
            "module.caf.module.private_dns.azurerm_private_dns_txt_record.txt_records",
            "module.caf.module.private_dns.azurerm_private_dns_zone.private_dns",
            "module.caf.module.private_dns.azurerm_private_dns_zone_virtual_network_link.vnet_links",
            "module.caf.module.proximity_placement_groups.azurecaf_name.ppg",
            "module.caf.module.proximity_placement_groups.azurerm_proximity_placement_group.ppg",
            "module.caf.module.public_ip_addresses.azurerm_public_ip.pip",
            "module.caf.module.public_ip_addresses.module.diagnostics.azurerm_monitor_diagnostic_setting.diagnostics",
            "module.caf.module.recovery_vaults.azurecaf_name.asr_rg_vault",
            "module.caf.module.recovery_vaults.azurerm_backup_policy_file_share.fs",
            "module.caf.module.recovery_vaults.azurerm_backup_policy_vm.vm",
            "module.caf.module.recovery_vaults.azurerm_recovery_services_vault.asr",
            "module.caf.module.recovery_vaults.azurerm_site_recovery_fabric.recovery_fabric",
            "module.caf.module.recovery_vaults.azurerm_site_recovery_protection_container.protection_container",
            "module.caf.module.recovery_vaults.azurerm_site_recovery_protection_container_mapping.container-mapping",
            "module.caf.module.recovery_vaults.azurerm_site_recovery_replication_policy.policy",
            "module.caf.module.recovery_vaults.module.diagnostics.azurerm_monitor_diagnostic_setting.diagnostics",
            "module.caf.module.recovery_vaults.module.private_endpoint.azurecaf_name.pep",
            "module.caf.module.recovery_vaults.module.private_endpoint.azurerm_private_endpoint.pep",
            "module.caf.module.recovery_vaults.time_sleep.delay_create",
            "module.caf.module.resource_group_reused.data.azurerm_resource_group.rg",
            "module.caf.module.resource_groups.azurecaf_name.rg",
            "module.caf.module.resource_groups.azurerm_resource_group.rg",
            "module.caf.module.route_tables.azurerm_route_table.rt",
            "module.caf.module.routes.azurerm_route.route",
            "module.caf.module.storage_accounts.azurecaf_name.stg",
            "module.caf.module.storage_accounts.azurerm_backup_container_storage_account.container",
            "module.caf.module.storage_accounts.azurerm_storage_account.stg",
            "module.caf.module.storage_accounts.module.container.azurerm_storage_container.stg",
            "module.caf.module.storage_accounts.module.container.module.blob.azurerm_storage_blob.blob",
            "module.caf.module.storage_accounts.module.data_lake_filesystem.azurerm_storage_data_lake_gen2_filesystem.gen2",
            "module.caf.module.storage_accounts.module.private_endpoint.azurecaf_name.pep",
            "module.caf.module.storage_accounts.module.private_endpoint.azurerm_private_endpoint.pep",
            "module.caf.module.virtual_wans.azurecaf_name.vwan",
            "module.caf.module.virtual_wans.azurerm_virtual_wan.vwan",
            "module.caf.module.virtual_wans.module.hubs.azurecaf_name.bgp_con",
            "module.caf.module.virtual_wans.module.hubs.azurecaf_name.er_gateway",
            "module.caf.module.virtual_wans.module.hubs.azurecaf_name.hub_ip",
            "module.caf.module.virtual_wans.module.hubs.azurecaf_name.p2s_gateway",
            "module.caf.module.virtual_wans.module.hubs.azurecaf_name.s2s_gateway",
            "module.caf.module.virtual_wans.module.hubs.azurecaf_name.spp",
            "module.caf.module.virtual_wans.module.hubs.azurecaf_name.virtualhub_fw",
            "module.caf.module.virtual_wans.module.hubs.azurecaf_name.vwan_hub",
            "module.caf.module.virtual_wans.module.hubs.azurerm_express_route_gateway.er_gateway",
            "module.caf.module.virtual_wans.module.hubs.azurerm_point_to_site_vpn_gateway.p2s_gateway",
            "module.caf.module.virtual_wans.module.hubs.azurerm_template_deployment.arm_template_vhub_firewall",
            "module.caf.module.virtual_wans.module.hubs.azurerm_virtual_hub.vwan_hub",
            "module.caf.module.virtual_wans.module.hubs.azurerm_virtual_hub_bgp_connection.bgp_con",
            "module.caf.module.virtual_wans.module.hubs.azurerm_virtual_hub_ip.hub_ip",
            "module.caf.module.virtual_wans.module.hubs.azurerm_virtual_hub_security_partner_provider.spp",
            "module.caf.module.virtual_wans.module.hubs.azurerm_vpn_gateway.s2s_gateway",
            "module.caf.module.virtual_wans.module.hubs.azurerm_vpn_server_configuration.p2s_configuration",
            "module.caf.module.virtual_wans.module.hubs.data.azurerm_subscription.current",
            "module.caf.module.virtual_wans.module.hubs.null_resource.arm_template_vhub_firewall",
            "module.caf.random_string.prefix"
          ]
        }
      ]
    }
  ]
}
